// !$*UTF8*$!
{
	archiveVersion = 1;
	classes = {
	};
	objectVersion = 46;
	objects = {

/* Begin PBXBuildFile section */
		0B04EBC21D866DAE00E897AF /* XJNavigationController.m in Sources */ = {isa = PBXBuildFile; fileRef = 0B04EBC11D866DAE00E897AF /* XJNavigationController.m */; };
		0B04EBC51D86727500E897AF /* XJHomeViewController.m in Sources */ = {isa = PBXBuildFile; fileRef = 0B04EBC41D86727500E897AF /* XJHomeViewController.m */; };
		0B04EBCD1D86752D00E897AF /* XJMeViewController.m in Sources */ = {isa = PBXBuildFile; fileRef = 0B04EBCB1D86752D00E897AF /* XJMeViewController.m */; };
		0B04EBD21D86756100E897AF /* XJShowTimeViewController.m in Sources */ = {isa = PBXBuildFile; fileRef = 0B04EBD01D86756100E897AF /* XJShowTimeViewController.m */; };
		0B0BA43E1D9BD7C80063A174 /* XJCareViewController.m in Sources */ = {isa = PBXBuildFile; fileRef = 0B0BA43C1D9BD7C80063A174 /* XJCareViewController.m */; };
		0B0BA4421D9BD8F50063A174 /* XJCareFlowLayout.m in Sources */ = {isa = PBXBuildFile; fileRef = 0B0BA4411D9BD8F50063A174 /* XJCareFlowLayout.m */; };
		0B0BA4481D9BE2BA0063A174 /* XJCareCoverView.m in Sources */ = {isa = PBXBuildFile; fileRef = 0B0BA4471D9BE2BA0063A174 /* XJCareCoverView.m */; };
		0B0BA44A1D9BE2C30063A174 /* XJCareCoverView.xib in Resources */ = {isa = PBXBuildFile; fileRef = 0B0BA4491D9BE2C30063A174 /* XJCareCoverView.xib */; };
		0B31255B1D94E7D5009B537B /* XJScrollTextView.m in Sources */ = {isa = PBXBuildFile; fileRef = 0B31255A1D94E7D5009B537B /* XJScrollTextView.m */; };
		0B4EDEF41D83150400079231 /* main.m in Sources */ = {isa = PBXBuildFile; fileRef = 0B4EDEF31D83150400079231 /* main.m */; };
		0B4EDEF71D83150400079231 /* AppDelegate.m in Sources */ = {isa = PBXBuildFile; fileRef = 0B4EDEF61D83150400079231 /* AppDelegate.m */; };
		0B4EDEFF1D83150400079231 /* Assets.xcassets in Resources */ = {isa = PBXBuildFile; fileRef = 0B4EDEFE1D83150400079231 /* Assets.xcassets */; };
		0B4EDF021D83150400079231 /* LaunchScreen.storyboard in Resources */ = {isa = PBXBuildFile; fileRef = 0B4EDF001D83150400079231 /* LaunchScreen.storyboard */; };
		0B4EDF0D1D83150400079231 /* TTLiveTests.m in Sources */ = {isa = PBXBuildFile; fileRef = 0B4EDF0C1D83150400079231 /* TTLiveTests.m */; };
		0B4EDF181D83150400079231 /* TTLiveUITests.m in Sources */ = {isa = PBXBuildFile; fileRef = 0B4EDF171D83150400079231 /* TTLiveUITests.m */; };
		0B4EDF3D1D8315DB00079231 /* XJLoginViewController.m in Sources */ = {isa = PBXBuildFile; fileRef = 0B4EDF2E1D8315DB00079231 /* XJLoginViewController.m */; };
		0B4EDF3E1D8315DB00079231 /* Reachability.m in Sources */ = {isa = PBXBuildFile; fileRef = 0B4EDF3C1D8315DB00079231 /* Reachability.m */; };
		0B4EDF401D83163A00079231 /* SystemConfiguration.framework in Frameworks */ = {isa = PBXBuildFile; fileRef = 0B4EDF3F1D83163A00079231 /* SystemConfiguration.framework */; };
		0B4EDF421D83164400079231 /* VideoToolbox.framework in Frameworks */ = {isa = PBXBuildFile; fileRef = 0B4EDF411D83164400079231 /* VideoToolbox.framework */; };
		0B4EDF441D83164C00079231 /* OpenGLES.framework in Frameworks */ = {isa = PBXBuildFile; fileRef = 0B4EDF431D83164C00079231 /* OpenGLES.framework */; };
		0B4EDF461D83165600079231 /* MobileCoreServices.framework in Frameworks */ = {isa = PBXBuildFile; fileRef = 0B4EDF451D83165600079231 /* MobileCoreServices.framework */; };
		0B4EDF481D83165D00079231 /* MediaPlayer.framework in Frameworks */ = {isa = PBXBuildFile; fileRef = 0B4EDF471D83165D00079231 /* MediaPlayer.framework */; };
		0B4EDF4A1D83166900079231 /* libz.tbd in Frameworks */ = {isa = PBXBuildFile; fileRef = 0B4EDF491D83166900079231 /* libz.tbd */; };
		0B4EDF4C1D83167000079231 /* libbz2.tbd in Frameworks */ = {isa = PBXBuildFile; fileRef = 0B4EDF4B1D83167000079231 /* libbz2.tbd */; };
		0B4EDF4E1D83168D00079231 /* CoreVideo.framework in Frameworks */ = {isa = PBXBuildFile; fileRef = 0B4EDF4D1D83168C00079231 /* CoreVideo.framework */; };
		0B4EDF501D83169500079231 /* CoreMedia.framework in Frameworks */ = {isa = PBXBuildFile; fileRef = 0B4EDF4F1D83169500079231 /* CoreMedia.framework */; };
		0B4EDF521D83169E00079231 /* AVFoundation.framework in Frameworks */ = {isa = PBXBuildFile; fileRef = 0B4EDF511D83169E00079231 /* AVFoundation.framework */; };
		0B4EDF541D8316AB00079231 /* AudioToolbox.framework in Frameworks */ = {isa = PBXBuildFile; fileRef = 0B4EDF531D8316AB00079231 /* AudioToolbox.framework */; };
		0B4EDF5D1D83244600079231 /* XJNetworkingTool.m in Sources */ = {isa = PBXBuildFile; fileRef = 0B4EDF5C1D83244600079231 /* XJNetworkingTool.m */; };
		0B50E2AA1D8E5FA200210B01 /* XJLiveHouseViewController.m in Sources */ = {isa = PBXBuildFile; fileRef = 0B50E2A91D8E5FA200210B01 /* XJLiveHouseViewController.m */; };
		0B50E2AD1D8E604600210B01 /* XJUserModel.m in Sources */ = {isa = PBXBuildFile; fileRef = 0B50E2AC1D8E604600210B01 /* XJUserModel.m */; };
		0B50E2B41D8E665600210B01 /* XJHouseTopView.m in Sources */ = {isa = PBXBuildFile; fileRef = 0B50E2B31D8E665600210B01 /* XJHouseTopView.m */; };
		0B50E2B61D8E666200210B01 /* XJHouseTopView.xib in Resources */ = {isa = PBXBuildFile; fileRef = 0B50E2B51D8E666200210B01 /* XJHouseTopView.xib */; };
		0B50E2B91D8E85F600210B01 /* XJHouseLiveCell.m in Sources */ = {isa = PBXBuildFile; fileRef = 0B50E2B81D8E85F600210B01 /* XJHouseLiveCell.m */; };
		0B50E2BC1D8E91FD00210B01 /* XJFlowLayout.m in Sources */ = {isa = PBXBuildFile; fileRef = 0B50E2BB1D8E91FD00210B01 /* XJFlowLayout.m */; };
		0B50E2C11D8EEDAF00210B01 /* UIImageView+XJGif.m in Sources */ = {isa = PBXBuildFile; fileRef = 0B50E2C01D8EEDAF00210B01 /* UIImageView+XJGif.m */; };
		0B50E2C41D8EEF4B00210B01 /* UIViewController+XJExtension.m in Sources */ = {isa = PBXBuildFile; fileRef = 0B50E2C31D8EEF4B00210B01 /* UIViewController+XJExtension.m */; };
		0B5694FB1D927CFE00DA1FEA /* libPods.a in Frameworks */ = {isa = PBXBuildFile; fileRef = 0B5694FA1D927CFE00DA1FEA /* libPods.a */; };
		0B56958F1D9287C500DA1FEA /* Security.framework in Frameworks */ = {isa = PBXBuildFile; fileRef = 0B56958E1D9287C500DA1FEA /* Security.framework */; };
		0B5695911D9287D200DA1FEA /* libiconv.tbd in Frameworks */ = {isa = PBXBuildFile; fileRef = 0B5695901D9287D200DA1FEA /* libiconv.tbd */; };
		0B5695931D9287E600DA1FEA /* CoreGraphics.framework in Frameworks */ = {isa = PBXBuildFile; fileRef = 0B5695921D9287E600DA1FEA /* CoreGraphics.framework */; };
		0B5695951D9287EE00DA1FEA /* libsqlite3.tbd in Frameworks */ = {isa = PBXBuildFile; fileRef = 0B5695941D9287EE00DA1FEA /* libsqlite3.tbd */; };
		0B5695971D9287F900DA1FEA /* CoreTelephony.framework in Frameworks */ = {isa = PBXBuildFile; fileRef = 0B5695961D9287F900DA1FEA /* CoreTelephony.framework */; };
		0B5695991D92880300DA1FEA /* libstdc++.tbd in Frameworks */ = {isa = PBXBuildFile; fileRef = 0B5695981D92880300DA1FEA /* libstdc++.tbd */; };
		0B5695A11D92A4E200DA1FEA /* user.plist in Resources */ = {isa = PBXBuildFile; fileRef = 0B5695A01D92A4E200DA1FEA /* user.plist */; };
		0B5F68781D86799000D673B8 /* XJShowTimeViewController.storyboard in Resources */ = {isa = PBXBuildFile; fileRef = 0B5F68771D86799000D673B8 /* XJShowTimeViewController.storyboard */; };
		0B5F687E1D86A00000D673B8 /* UIDevice+XJExtension.m in Sources */ = {isa = PBXBuildFile; fileRef = 0B5F687D1D86A00000D673B8 /* UIDevice+XJExtension.m */; };
		0B5F68821D86B15E00D673B8 /* XJTopView.m in Sources */ = {isa = PBXBuildFile; fileRef = 0B5F68811D86B15E00D673B8 /* XJTopView.m */; };
		0B72C03D1D9167940065C320 /* XJNewStarViewController.m in Sources */ = {isa = PBXBuildFile; fileRef = 0B72C03C1D9167940065C320 /* XJNewStarViewController.m */; };
		0B72C0401D9168E30065C320 /* XJNewStarFlowLayout.m in Sources */ = {isa = PBXBuildFile; fileRef = 0B72C03F1D9168E30065C320 /* XJNewStarFlowLayout.m */; };
		0B72C0441D916CCF0065C320 /* XJNewStarCell.m in Sources */ = {isa = PBXBuildFile; fileRef = 0B72C0421D916CCF0065C320 /* XJNewStarCell.m */; };
		0B72C0451D916CCF0065C320 /* XJNewStarCell.xib in Resources */ = {isa = PBXBuildFile; fileRef = 0B72C0431D916CCF0065C320 /* XJNewStarCell.xib */; };
		0B8C3C571D90F02E00284EE8 /* XJRefreshGifHeader.m in Sources */ = {isa = PBXBuildFile; fileRef = 0B8C3C561D90F02E00284EE8 /* XJRefreshGifHeader.m */; };
		0B8F77B01D9CF5460025597B /* libSocialSinaSSO.a in Frameworks */ = {isa = PBXBuildFile; fileRef = 0B8F777A1D9CF5460025597B /* libSocialSinaSSO.a */; };
		0B8F77B11D9CF5460025597B /* libWeiboSDK.a in Frameworks */ = {isa = PBXBuildFile; fileRef = 0B8F777B1D9CF5460025597B /* libWeiboSDK.a */; };
		0B8F77B21D9CF5460025597B /* WeiboSDK.bundle in Resources */ = {isa = PBXBuildFile; fileRef = 0B8F77861D9CF5460025597B /* WeiboSDK.bundle */; };
		0B8F77B31D9CF5460025597B /* libSocialQQ.a in Frameworks */ = {isa = PBXBuildFile; fileRef = 0B8F778A1D9CF5460025597B /* libSocialQQ.a */; };
		0B8F77B41D9CF5460025597B /* TencentOpenAPI.framework in Frameworks */ = {isa = PBXBuildFile; fileRef = 0B8F778B1D9CF5460025597B /* TencentOpenAPI.framework */; };
		0B8F77B51D9CF5460025597B /* TencentOpenApi_IOS_Bundle.bundle in Resources */ = {isa = PBXBuildFile; fileRef = 0B8F778C1D9CF5460025597B /* TencentOpenApi_IOS_Bundle.bundle */; };
		0B8F77B61D9CF5460025597B /* UMSocialLocalizable.strings in Resources */ = {isa = PBXBuildFile; fileRef = 0B8F778F1D9CF5460025597B /* UMSocialLocalizable.strings */; };
		0B8F77B71D9CF5460025597B /* libUMSocial_Sdk_5.2.1.a in Frameworks */ = {isa = PBXBuildFile; fileRef = 0B8F779D1D9CF5460025597B /* libUMSocial_Sdk_5.2.1.a */; };
		0B8F77B81D9CF5460025597B /* UMSCommentDetailController.xib in Resources */ = {isa = PBXBuildFile; fileRef = 0B8F779F1D9CF5460025597B /* UMSCommentDetailController.xib */; };
		0B8F77B91D9CF5460025597B /* UMSCommentInputController.xib in Resources */ = {isa = PBXBuildFile; fileRef = 0B8F77A01D9CF5460025597B /* UMSCommentInputController.xib */; };
		0B8F77BA1D9CF5460025597B /* UMSCommentInputControlleriPad.xib in Resources */ = {isa = PBXBuildFile; fileRef = 0B8F77A11D9CF5460025597B /* UMSCommentInputControlleriPad.xib */; };
		0B8F77BB1D9CF5460025597B /* UMShareEditViewController.xib in Resources */ = {isa = PBXBuildFile; fileRef = 0B8F77A21D9CF5460025597B /* UMShareEditViewController.xib */; };
		0B8F77BC1D9CF5460025597B /* UMShareEditViewControlleriPad.xib in Resources */ = {isa = PBXBuildFile; fileRef = 0B8F77A31D9CF5460025597B /* UMShareEditViewControlleriPad.xib */; };
		0B8F77BD1D9CF5460025597B /* UMSLoginViewController.xib in Resources */ = {isa = PBXBuildFile; fileRef = 0B8F77A41D9CF5460025597B /* UMSLoginViewController.xib */; };
		0B8F77BE1D9CF5460025597B /* UMSnsAccountViewController.xib in Resources */ = {isa = PBXBuildFile; fileRef = 0B8F77A51D9CF5460025597B /* UMSnsAccountViewController.xib */; };
		0B8F77BF1D9CF5460025597B /* UMSShareListController.xib in Resources */ = {isa = PBXBuildFile; fileRef = 0B8F77A61D9CF5460025597B /* UMSShareListController.xib */; };
		0B8F77C01D9CF5460025597B /* UMSocialSDKResourcesNew.bundle in Resources */ = {isa = PBXBuildFile; fileRef = 0B8F77A71D9CF5460025597B /* UMSocialSDKResourcesNew.bundle */; };
		0B8F77C11D9CF5460025597B /* libSocialWechat.a in Frameworks */ = {isa = PBXBuildFile; fileRef = 0B8F77AA1D9CF5460025597B /* libSocialWechat.a */; };
		0B8F77C21D9CF5460025597B /* libWeChatSDK.a in Frameworks */ = {isa = PBXBuildFile; fileRef = 0B8F77AB1D9CF5460025597B /* libWeChatSDK.a */; };
		0BC367341D83F2C80046B779 /* XJToTopView.m in Sources */ = {isa = PBXBuildFile; fileRef = 0BC367331D83F2C80046B779 /* XJToTopView.m */; };
		0BC367381D8402DF0046B779 /* UIView+XJExtention.m in Sources */ = {isa = PBXBuildFile; fileRef = 0BC367371D8402DF0046B779 /* UIView+XJExtention.m */; };
		0BC3673D1D8452A80046B779 /* MBProgressHUD+XJ.m in Sources */ = {isa = PBXBuildFile; fileRef = 0BC3673C1D8452A80046B779 /* MBProgressHUD+XJ.m */; };
		0BC367401D8455E10046B779 /* XJMainViewController.m in Sources */ = {isa = PBXBuildFile; fileRef = 0BC3673F1D8455E10046B779 /* XJMainViewController.m */; };
		0BC367461D8456D10046B779 /* danmu.plist in Resources */ = {isa = PBXBuildFile; fileRef = 0BC367421D8456D10046B779 /* danmu.plist */; };
		0BD4BC4D1D8F91D600536F6F /* XJHouseBottomView.m in Sources */ = {isa = PBXBuildFile; fileRef = 0BD4BC4C1D8F91D600536F6F /* XJHouseBottomView.m */; };
		0BD4BC501D8FFBAD00536F6F /* XJHousePreviewView.m in Sources */ = {isa = PBXBuildFile; fileRef = 0BD4BC4F1D8FFBAD00536F6F /* XJHousePreviewView.m */; };
		0BD4BC521D8FFBC100536F6F /* XJHousePreviewView.xib in Resources */ = {isa = PBXBuildFile; fileRef = 0BD4BC511D8FFBC100536F6F /* XJHousePreviewView.xib */; };
		0BD8F77B1D92A86700BD23AF /* IJKMediaFramework.framework in Frameworks */ = {isa = PBXBuildFile; fileRef = 0BD8F77A1D92A86700BD23AF /* IJKMediaFramework.framework */; };
		0BDAF7841D93B01C0054F20A /* XJThirdLogInView.m in Sources */ = {isa = PBXBuildFile; fileRef = 0BDAF7831D93B01C0054F20A /* XJThirdLogInView.m */; };
		0BDAF7861D93C1730054F20A /* XJMeViewController.storyboard in Resources */ = {isa = PBXBuildFile; fileRef = 0BDAF7851D93C1730054F20A /* XJMeViewController.storyboard */; };
		0BDAF7891D93D8FC0054F20A /* XJCell1.m in Sources */ = {isa = PBXBuildFile; fileRef = 0BDAF7881D93D8FC0054F20A /* XJCell1.m */; };
		0BE0C64C1D89168700618D7C /* loginmovie.mp4 in Resources */ = {isa = PBXBuildFile; fileRef = 0BE0C64B1D89168700618D7C /* loginmovie.mp4 */; };
		0BE0C65E1D891F6000618D7C /* login_video.mp4 in Resources */ = {isa = PBXBuildFile; fileRef = 0BE0C65D1D891F6000618D7C /* login_video.mp4 */; };
		0BE0C6601D891F7E00618D7C /* loginmovie1.mp4 in Resources */ = {isa = PBXBuildFile; fileRef = 0BE0C65F1D891F7E00618D7C /* loginmovie1.mp4 */; };
		0BE0C6631D89290800618D7C /* UIImage+XJExtension.m in Sources */ = {isa = PBXBuildFile; fileRef = 0BE0C6621D89290800618D7C /* UIImage+XJExtension.m */; };
		0BF0369C1D9A9AC000CF3F0D /* XJUserView.m in Sources */ = {isa = PBXBuildFile; fileRef = 0BF0369B1D9A9AC000CF3F0D /* XJUserView.m */; };
		0BF0369E1D9A9ACA00CF3F0D /* XJUserView.xib in Resources */ = {isa = PBXBuildFile; fileRef = 0BF0369D1D9A9ACA00CF3F0D /* XJUserView.xib */; };
		0BF036A31D9AB97700CF3F0D /* XJCareData.m in Sources */ = {isa = PBXBuildFile; fileRef = 0BF036A21D9AB97700CF3F0D /* XJCareData.m */; };
		0BF24FDC1D88305B00FC3774 /* XJHotViewController.m in Sources */ = {isa = PBXBuildFile; fileRef = 0BF24FD91D88305B00FC3774 /* XJHotViewController.m */; };
		0BF24FE31D8833D900FC3774 /* XJHotLiveCell.m in Sources */ = {isa = PBXBuildFile; fileRef = 0BF24FE11D8833D900FC3774 /* XJHotLiveCell.m */; };
		0BF24FE41D8833D900FC3774 /* XJHotLiveCell.xib in Resources */ = {isa = PBXBuildFile; fileRef = 0BF24FE21D8833D900FC3774 /* XJHotLiveCell.xib */; };
		0BF24FEB1D88406700FC3774 /* XJLiveModel.m in Sources */ = {isa = PBXBuildFile; fileRef = 0BF24FEA1D88406700FC3774 /* XJLiveModel.m */; };
		0BFEE3EA1D978AF900A2CB0C /* XJSearchViewController.m in Sources */ = {isa = PBXBuildFile; fileRef = 0BFEE3E91D978AF900A2CB0C /* XJSearchViewController.m */; };
		0BFEE3EE1D979C8F00A2CB0C /* DXPopover.m in Sources */ = {isa = PBXBuildFile; fileRef = 0BFEE3ED1D979C8F00A2CB0C /* DXPopover.m */; };
/* End PBXBuildFile section */

/* Begin PBXContainerItemProxy section */
		0B4EDF091D83150400079231 /* PBXContainerItemProxy */ = {
			isa = PBXContainerItemProxy;
			containerPortal = 0B4EDEE71D83150300079231 /* Project object */;
			proxyType = 1;
			remoteGlobalIDString = 0B4EDEEE1D83150300079231;
			remoteInfo = TTLive;
		};
		0B4EDF141D83150400079231 /* PBXContainerItemProxy */ = {
			isa = PBXContainerItemProxy;
			containerPortal = 0B4EDEE71D83150300079231 /* Project object */;
			proxyType = 1;
			remoteGlobalIDString = 0B4EDEEE1D83150300079231;
			remoteInfo = TTLive;
		};
/* End PBXContainerItemProxy section */

/* Begin PBXFileReference section */
		0B04EBC01D866DAE00E897AF /* XJNavigationController.h */ = {isa = PBXFileReference; fileEncoding = 4; lastKnownFileType = sourcecode.c.h; path = XJNavigationController.h; sourceTree = "<group>"; };
		0B04EBC11D866DAE00E897AF /* XJNavigationController.m */ = {isa = PBXFileReference; fileEncoding = 4; lastKnownFileType = sourcecode.c.objc; path = XJNavigationController.m; sourceTree = "<group>"; };
		0B04EBC31D86727500E897AF /* XJHomeViewController.h */ = {isa = PBXFileReference; fileEncoding = 4; lastKnownFileType = sourcecode.c.h; path = XJHomeViewController.h; sourceTree = "<group>"; };
		0B04EBC41D86727500E897AF /* XJHomeViewController.m */ = {isa = PBXFileReference; fileEncoding = 4; lastKnownFileType = sourcecode.c.objc; path = XJHomeViewController.m; sourceTree = "<group>"; };
		0B04EBCA1D86752D00E897AF /* XJMeViewController.h */ = {isa = PBXFileReference; fileEncoding = 4; lastKnownFileType = sourcecode.c.h; path = XJMeViewController.h; sourceTree = "<group>"; };
		0B04EBCB1D86752D00E897AF /* XJMeViewController.m */ = {isa = PBXFileReference; fileEncoding = 4; lastKnownFileType = sourcecode.c.objc; path = XJMeViewController.m; sourceTree = "<group>"; };
		0B04EBCF1D86756100E897AF /* XJShowTimeViewController.h */ = {isa = PBXFileReference; fileEncoding = 4; lastKnownFileType = sourcecode.c.h; path = XJShowTimeViewController.h; sourceTree = "<group>"; };
		0B04EBD01D86756100E897AF /* XJShowTimeViewController.m */ = {isa = PBXFileReference; fileEncoding = 4; lastKnownFileType = sourcecode.c.objc; path = XJShowTimeViewController.m; sourceTree = "<group>"; };
		0B0BA43B1D9BD7C80063A174 /* XJCareViewController.h */ = {isa = PBXFileReference; fileEncoding = 4; lastKnownFileType = sourcecode.c.h; path = XJCareViewController.h; sourceTree = "<group>"; };
		0B0BA43C1D9BD7C80063A174 /* XJCareViewController.m */ = {isa = PBXFileReference; fileEncoding = 4; lastKnownFileType = sourcecode.c.objc; path = XJCareViewController.m; sourceTree = "<group>"; };
		0B0BA4401D9BD8F50063A174 /* XJCareFlowLayout.h */ = {isa = PBXFileReference; fileEncoding = 4; lastKnownFileType = sourcecode.c.h; path = XJCareFlowLayout.h; sourceTree = "<group>"; };
		0B0BA4411D9BD8F50063A174 /* XJCareFlowLayout.m */ = {isa = PBXFileReference; fileEncoding = 4; lastKnownFileType = sourcecode.c.objc; path = XJCareFlowLayout.m; sourceTree = "<group>"; };
		0B0BA4461D9BE2BA0063A174 /* XJCareCoverView.h */ = {isa = PBXFileReference; fileEncoding = 4; lastKnownFileType = sourcecode.c.h; path = XJCareCoverView.h; sourceTree = "<group>"; };
		0B0BA4471D9BE2BA0063A174 /* XJCareCoverView.m */ = {isa = PBXFileReference; fileEncoding = 4; lastKnownFileType = sourcecode.c.objc; path = XJCareCoverView.m; sourceTree = "<group>"; };
		0B0BA4491D9BE2C30063A174 /* XJCareCoverView.xib */ = {isa = PBXFileReference; fileEncoding = 4; lastKnownFileType = file.xib; path = XJCareCoverView.xib; sourceTree = "<group>"; };
		0B3125591D94E7D5009B537B /* XJScrollTextView.h */ = {isa = PBXFileReference; fileEncoding = 4; lastKnownFileType = sourcecode.c.h; path = XJScrollTextView.h; sourceTree = "<group>"; };
		0B31255A1D94E7D5009B537B /* XJScrollTextView.m */ = {isa = PBXFileReference; fileEncoding = 4; lastKnownFileType = sourcecode.c.objc; path = XJScrollTextView.m; sourceTree = "<group>"; };
		0B4EDEEF1D83150300079231 /* TTLive.app */ = {isa = PBXFileReference; explicitFileType = wrapper.application; includeInIndex = 0; path = TTLive.app; sourceTree = BUILT_PRODUCTS_DIR; };
		0B4EDEF31D83150400079231 /* main.m */ = {isa = PBXFileReference; lastKnownFileType = sourcecode.c.objc; path = main.m; sourceTree = "<group>"; };
		0B4EDEF51D83150400079231 /* AppDelegate.h */ = {isa = PBXFileReference; lastKnownFileType = sourcecode.c.h; name = AppDelegate.h; path = ../AppDelegate.h; sourceTree = "<group>"; };
		0B4EDEF61D83150400079231 /* AppDelegate.m */ = {isa = PBXFileReference; lastKnownFileType = sourcecode.c.objc; name = AppDelegate.m; path = ../AppDelegate.m; sourceTree = "<group>"; };
		0B4EDEFE1D83150400079231 /* Assets.xcassets */ = {isa = PBXFileReference; lastKnownFileType = folder.assetcatalog; path = Assets.xcassets; sourceTree = "<group>"; };
		0B4EDF011D83150400079231 /* Base */ = {isa = PBXFileReference; lastKnownFileType = file.storyboard; name = Base; path = Base.lproj/LaunchScreen.storyboard; sourceTree = "<group>"; };
		0B4EDF031D83150400079231 /* Info.plist */ = {isa = PBXFileReference; lastKnownFileType = text.plist.xml; path = Info.plist; sourceTree = "<group>"; };
		0B4EDF081D83150400079231 /* TTLiveTests.xctest */ = {isa = PBXFileReference; explicitFileType = wrapper.cfbundle; includeInIndex = 0; path = TTLiveTests.xctest; sourceTree = BUILT_PRODUCTS_DIR; };
		0B4EDF0C1D83150400079231 /* TTLiveTests.m */ = {isa = PBXFileReference; lastKnownFileType = sourcecode.c.objc; path = TTLiveTests.m; sourceTree = "<group>"; };
		0B4EDF0E1D83150400079231 /* Info.plist */ = {isa = PBXFileReference; lastKnownFileType = text.plist.xml; path = Info.plist; sourceTree = "<group>"; };
		0B4EDF131D83150400079231 /* TTLiveUITests.xctest */ = {isa = PBXFileReference; explicitFileType = wrapper.cfbundle; includeInIndex = 0; path = TTLiveUITests.xctest; sourceTree = BUILT_PRODUCTS_DIR; };
		0B4EDF171D83150400079231 /* TTLiveUITests.m */ = {isa = PBXFileReference; lastKnownFileType = sourcecode.c.objc; path = TTLiveUITests.m; sourceTree = "<group>"; };
		0B4EDF191D83150400079231 /* Info.plist */ = {isa = PBXFileReference; lastKnownFileType = text.plist.xml; path = Info.plist; sourceTree = "<group>"; };
		0B4EDF2D1D8315DB00079231 /* XJLoginViewController.h */ = {isa = PBXFileReference; fileEncoding = 4; lastKnownFileType = sourcecode.c.h; path = XJLoginViewController.h; sourceTree = "<group>"; };
		0B4EDF2E1D8315DB00079231 /* XJLoginViewController.m */ = {isa = PBXFileReference; fileEncoding = 4; lastKnownFileType = sourcecode.c.objc; path = XJLoginViewController.m; sourceTree = "<group>"; };
		0B4EDF3B1D8315DB00079231 /* Reachability.h */ = {isa = PBXFileReference; fileEncoding = 4; lastKnownFileType = sourcecode.c.h; path = Reachability.h; sourceTree = "<group>"; };
		0B4EDF3C1D8315DB00079231 /* Reachability.m */ = {isa = PBXFileReference; fileEncoding = 4; lastKnownFileType = sourcecode.c.objc; path = Reachability.m; sourceTree = "<group>"; };
		0B4EDF3F1D83163A00079231 /* SystemConfiguration.framework */ = {isa = PBXFileReference; lastKnownFileType = wrapper.framework; name = SystemConfiguration.framework; path = System/Library/Frameworks/SystemConfiguration.framework; sourceTree = SDKROOT; };
		0B4EDF411D83164400079231 /* VideoToolbox.framework */ = {isa = PBXFileReference; lastKnownFileType = wrapper.framework; name = VideoToolbox.framework; path = System/Library/Frameworks/VideoToolbox.framework; sourceTree = SDKROOT; };
		0B4EDF431D83164C00079231 /* OpenGLES.framework */ = {isa = PBXFileReference; lastKnownFileType = wrapper.framework; name = OpenGLES.framework; path = System/Library/Frameworks/OpenGLES.framework; sourceTree = SDKROOT; };
		0B4EDF451D83165600079231 /* MobileCoreServices.framework */ = {isa = PBXFileReference; lastKnownFileType = wrapper.framework; name = MobileCoreServices.framework; path = System/Library/Frameworks/MobileCoreServices.framework; sourceTree = SDKROOT; };
		0B4EDF471D83165D00079231 /* MediaPlayer.framework */ = {isa = PBXFileReference; lastKnownFileType = wrapper.framework; name = MediaPlayer.framework; path = System/Library/Frameworks/MediaPlayer.framework; sourceTree = SDKROOT; };
		0B4EDF491D83166900079231 /* libz.tbd */ = {isa = PBXFileReference; lastKnownFileType = "sourcecode.text-based-dylib-definition"; name = libz.tbd; path = usr/lib/libz.tbd; sourceTree = SDKROOT; };
		0B4EDF4B1D83167000079231 /* libbz2.tbd */ = {isa = PBXFileReference; lastKnownFileType = "sourcecode.text-based-dylib-definition"; name = libbz2.tbd; path = usr/lib/libbz2.tbd; sourceTree = SDKROOT; };
		0B4EDF4D1D83168C00079231 /* CoreVideo.framework */ = {isa = PBXFileReference; lastKnownFileType = wrapper.framework; name = CoreVideo.framework; path = System/Library/Frameworks/CoreVideo.framework; sourceTree = SDKROOT; };
		0B4EDF4F1D83169500079231 /* CoreMedia.framework */ = {isa = PBXFileReference; lastKnownFileType = wrapper.framework; name = CoreMedia.framework; path = System/Library/Frameworks/CoreMedia.framework; sourceTree = SDKROOT; };
		0B4EDF511D83169E00079231 /* AVFoundation.framework */ = {isa = PBXFileReference; lastKnownFileType = wrapper.framework; name = AVFoundation.framework; path = System/Library/Frameworks/AVFoundation.framework; sourceTree = SDKROOT; };
		0B4EDF531D8316AB00079231 /* AudioToolbox.framework */ = {isa = PBXFileReference; lastKnownFileType = wrapper.framework; name = AudioToolbox.framework; path = System/Library/Frameworks/AudioToolbox.framework; sourceTree = SDKROOT; };
		0B4EDF5B1D83244600079231 /* XJNetworkingTool.h */ = {isa = PBXFileReference; fileEncoding = 4; lastKnownFileType = sourcecode.c.h; path = XJNetworkingTool.h; sourceTree = "<group>"; };
		0B4EDF5C1D83244600079231 /* XJNetworkingTool.m */ = {isa = PBXFileReference; fileEncoding = 4; lastKnownFileType = sourcecode.c.objc; path = XJNetworkingTool.m; sourceTree = "<group>"; };
		0B4EDF5E1D8331CE00079231 /* PrefixHeader.h */ = {isa = PBXFileReference; fileEncoding = 4; lastKnownFileType = sourcecode.c.h; path = PrefixHeader.h; sourceTree = "<group>"; };
		0B50E2A81D8E5FA200210B01 /* XJLiveHouseViewController.h */ = {isa = PBXFileReference; fileEncoding = 4; lastKnownFileType = sourcecode.c.h; name = XJLiveHouseViewController.h; path = ../../Controller/XJLiveHouseViewController.h; sourceTree = "<group>"; };
		0B50E2A91D8E5FA200210B01 /* XJLiveHouseViewController.m */ = {isa = PBXFileReference; fileEncoding = 4; lastKnownFileType = sourcecode.c.objc; name = XJLiveHouseViewController.m; path = ../../Controller/XJLiveHouseViewController.m; sourceTree = "<group>"; };
		0B50E2AB1D8E604600210B01 /* XJUserModel.h */ = {isa = PBXFileReference; fileEncoding = 4; lastKnownFileType = sourcecode.c.h; name = XJUserModel.h; path = ../../Model/XJUserModel.h; sourceTree = "<group>"; };
		0B50E2AC1D8E604600210B01 /* XJUserModel.m */ = {isa = PBXFileReference; fileEncoding = 4; lastKnownFileType = sourcecode.c.objc; name = XJUserModel.m; path = ../../Model/XJUserModel.m; sourceTree = "<group>"; };
		0B50E2B21D8E665600210B01 /* XJHouseTopView.h */ = {isa = PBXFileReference; fileEncoding = 4; lastKnownFileType = sourcecode.c.h; path = XJHouseTopView.h; sourceTree = "<group>"; };
		0B50E2B31D8E665600210B01 /* XJHouseTopView.m */ = {isa = PBXFileReference; fileEncoding = 4; lastKnownFileType = sourcecode.c.objc; path = XJHouseTopView.m; sourceTree = "<group>"; };
		0B50E2B51D8E666200210B01 /* XJHouseTopView.xib */ = {isa = PBXFileReference; fileEncoding = 4; lastKnownFileType = file.xib; path = XJHouseTopView.xib; sourceTree = "<group>"; };
		0B50E2B71D8E85F600210B01 /* XJHouseLiveCell.h */ = {isa = PBXFileReference; fileEncoding = 4; lastKnownFileType = sourcecode.c.h; path = XJHouseLiveCell.h; sourceTree = "<group>"; };
		0B50E2B81D8E85F600210B01 /* XJHouseLiveCell.m */ = {isa = PBXFileReference; fileEncoding = 4; lastKnownFileType = sourcecode.c.objc; path = XJHouseLiveCell.m; sourceTree = "<group>"; };
		0B50E2BA1D8E91FD00210B01 /* XJFlowLayout.h */ = {isa = PBXFileReference; fileEncoding = 4; lastKnownFileType = sourcecode.c.h; path = XJFlowLayout.h; sourceTree = "<group>"; };
		0B50E2BB1D8E91FD00210B01 /* XJFlowLayout.m */ = {isa = PBXFileReference; fileEncoding = 4; lastKnownFileType = sourcecode.c.objc; path = XJFlowLayout.m; sourceTree = "<group>"; };
		0B50E2BD1D8EDA3F00210B01 /* Accelerate.framework */ = {isa = PBXFileReference; lastKnownFileType = wrapper.framework; name = Accelerate.framework; path = System/Library/Frameworks/Accelerate.framework; sourceTree = SDKROOT; };
		0B50E2BF1D8EEDAF00210B01 /* UIImageView+XJGif.h */ = {isa = PBXFileReference; fileEncoding = 4; lastKnownFileType = sourcecode.c.h; path = "UIImageView+XJGif.h"; sourceTree = "<group>"; };
		0B50E2C01D8EEDAF00210B01 /* UIImageView+XJGif.m */ = {isa = PBXFileReference; fileEncoding = 4; lastKnownFileType = sourcecode.c.objc; path = "UIImageView+XJGif.m"; sourceTree = "<group>"; };
		0B50E2C21D8EEF4B00210B01 /* UIViewController+XJExtension.h */ = {isa = PBXFileReference; fileEncoding = 4; lastKnownFileType = sourcecode.c.h; path = "UIViewController+XJExtension.h"; sourceTree = "<group>"; };
		0B50E2C31D8EEF4B00210B01 /* UIViewController+XJExtension.m */ = {isa = PBXFileReference; fileEncoding = 4; lastKnownFileType = sourcecode.c.objc; path = "UIViewController+XJExtension.m"; sourceTree = "<group>"; };
		0B5694FA1D927CFE00DA1FEA /* libPods.a */ = {isa = PBXFileReference; lastKnownFileType = archive.ar; name = libPods.a; path = "Pods/../build/Debug-iphoneos/libPods.a"; sourceTree = "<group>"; };
		0B56958E1D9287C500DA1FEA /* Security.framework */ = {isa = PBXFileReference; lastKnownFileType = wrapper.framework; name = Security.framework; path = System/Library/Frameworks/Security.framework; sourceTree = SDKROOT; };
		0B5695901D9287D200DA1FEA /* libiconv.tbd */ = {isa = PBXFileReference; lastKnownFileType = "sourcecode.text-based-dylib-definition"; name = libiconv.tbd; path = usr/lib/libiconv.tbd; sourceTree = SDKROOT; };
		0B5695921D9287E600DA1FEA /* CoreGraphics.framework */ = {isa = PBXFileReference; lastKnownFileType = wrapper.framework; name = CoreGraphics.framework; path = System/Library/Frameworks/CoreGraphics.framework; sourceTree = SDKROOT; };
		0B5695941D9287EE00DA1FEA /* libsqlite3.tbd */ = {isa = PBXFileReference; lastKnownFileType = "sourcecode.text-based-dylib-definition"; name = libsqlite3.tbd; path = usr/lib/libsqlite3.tbd; sourceTree = SDKROOT; };
		0B5695961D9287F900DA1FEA /* CoreTelephony.framework */ = {isa = PBXFileReference; lastKnownFileType = wrapper.framework; name = CoreTelephony.framework; path = System/Library/Frameworks/CoreTelephony.framework; sourceTree = SDKROOT; };
		0B5695981D92880300DA1FEA /* libstdc++.tbd */ = {isa = PBXFileReference; lastKnownFileType = "sourcecode.text-based-dylib-definition"; name = "libstdc++.tbd"; path = "usr/lib/libstdc++.tbd"; sourceTree = SDKROOT; };
		0B5695A01D92A4E200DA1FEA /* user.plist */ = {isa = PBXFileReference; fileEncoding = 4; lastKnownFileType = text.plist.xml; path = user.plist; sourceTree = "<group>"; };
		0B5F68771D86799000D673B8 /* XJShowTimeViewController.storyboard */ = {isa = PBXFileReference; fileEncoding = 4; lastKnownFileType = file.storyboard; path = XJShowTimeViewController.storyboard; sourceTree = "<group>"; };
		0B5F687C1D86A00000D673B8 /* UIDevice+XJExtension.h */ = {isa = PBXFileReference; fileEncoding = 4; lastKnownFileType = sourcecode.c.h; path = "UIDevice+XJExtension.h"; sourceTree = "<group>"; };
		0B5F687D1D86A00000D673B8 /* UIDevice+XJExtension.m */ = {isa = PBXFileReference; fileEncoding = 4; lastKnownFileType = sourcecode.c.objc; path = "UIDevice+XJExtension.m"; sourceTree = "<group>"; };
		0B5F68801D86B15E00D673B8 /* XJTopView.h */ = {isa = PBXFileReference; fileEncoding = 4; lastKnownFileType = sourcecode.c.h; path = XJTopView.h; sourceTree = "<group>"; };
		0B5F68811D86B15E00D673B8 /* XJTopView.m */ = {isa = PBXFileReference; fileEncoding = 4; lastKnownFileType = sourcecode.c.objc; path = XJTopView.m; sourceTree = "<group>"; };
		0B72C03B1D9167940065C320 /* XJNewStarViewController.h */ = {isa = PBXFileReference; fileEncoding = 4; lastKnownFileType = sourcecode.c.h; path = XJNewStarViewController.h; sourceTree = "<group>"; };
		0B72C03C1D9167940065C320 /* XJNewStarViewController.m */ = {isa = PBXFileReference; fileEncoding = 4; lastKnownFileType = sourcecode.c.objc; path = XJNewStarViewController.m; sourceTree = "<group>"; };
		0B72C03E1D9168E30065C320 /* XJNewStarFlowLayout.h */ = {isa = PBXFileReference; fileEncoding = 4; lastKnownFileType = sourcecode.c.h; path = XJNewStarFlowLayout.h; sourceTree = "<group>"; };
		0B72C03F1D9168E30065C320 /* XJNewStarFlowLayout.m */ = {isa = PBXFileReference; fileEncoding = 4; lastKnownFileType = sourcecode.c.objc; path = XJNewStarFlowLayout.m; sourceTree = "<group>"; };
		0B72C0411D916CCF0065C320 /* XJNewStarCell.h */ = {isa = PBXFileReference; fileEncoding = 4; lastKnownFileType = sourcecode.c.h; path = XJNewStarCell.h; sourceTree = "<group>"; };
		0B72C0421D916CCF0065C320 /* XJNewStarCell.m */ = {isa = PBXFileReference; fileEncoding = 4; lastKnownFileType = sourcecode.c.objc; path = XJNewStarCell.m; sourceTree = "<group>"; };
		0B72C0431D916CCF0065C320 /* XJNewStarCell.xib */ = {isa = PBXFileReference; fileEncoding = 4; lastKnownFileType = file.xib; path = XJNewStarCell.xib; sourceTree = "<group>"; };
		0B8C3C551D90F02E00284EE8 /* XJRefreshGifHeader.h */ = {isa = PBXFileReference; fileEncoding = 4; lastKnownFileType = sourcecode.c.h; path = XJRefreshGifHeader.h; sourceTree = "<group>"; };
		0B8C3C561D90F02E00284EE8 /* XJRefreshGifHeader.m */ = {isa = PBXFileReference; fileEncoding = 4; lastKnownFileType = sourcecode.c.objc; path = XJRefreshGifHeader.m; sourceTree = "<group>"; };
		0B8F777A1D9CF5460025597B /* libSocialSinaSSO.a */ = {isa = PBXFileReference; lastKnownFileType = archive.ar; path = libSocialSinaSSO.a; sourceTree = "<group>"; };
		0B8F777B1D9CF5460025597B /* libWeiboSDK.a */ = {isa = PBXFileReference; lastKnownFileType = archive.ar; path = libWeiboSDK.a; sourceTree = "<group>"; };
		0B8F777C1D9CF5460025597B /* UMSocialSinaSSOHandler.h */ = {isa = PBXFileReference; fileEncoding = 4; lastKnownFileType = sourcecode.c.h; path = UMSocialSinaSSOHandler.h; sourceTree = "<group>"; };
		0B8F777D1D9CF5460025597B /* WBHttpRequest+WeiboGame.h */ = {isa = PBXFileReference; fileEncoding = 4; lastKnownFileType = sourcecode.c.h; path = "WBHttpRequest+WeiboGame.h"; sourceTree = "<group>"; };
		0B8F777E1D9CF5460025597B /* WBHttpRequest+WeiboShare.h */ = {isa = PBXFileReference; fileEncoding = 4; lastKnownFileType = sourcecode.c.h; path = "WBHttpRequest+WeiboShare.h"; sourceTree = "<group>"; };
		0B8F777F1D9CF5460025597B /* WBHttpRequest+WeiboToken.h */ = {isa = PBXFileReference; fileEncoding = 4; lastKnownFileType = sourcecode.c.h; path = "WBHttpRequest+WeiboToken.h"; sourceTree = "<group>"; };
		0B8F77801D9CF5460025597B /* WBHttpRequest+WeiboUser.h */ = {isa = PBXFileReference; fileEncoding = 4; lastKnownFileType = sourcecode.c.h; path = "WBHttpRequest+WeiboUser.h"; sourceTree = "<group>"; };
		0B8F77811D9CF5460025597B /* WBHttpRequest.h */ = {isa = PBXFileReference; fileEncoding = 4; lastKnownFileType = sourcecode.c.h; path = WBHttpRequest.h; sourceTree = "<group>"; };
		0B8F77821D9CF5460025597B /* WBSDKBasicButton.h */ = {isa = PBXFileReference; fileEncoding = 4; lastKnownFileType = sourcecode.c.h; path = WBSDKBasicButton.h; sourceTree = "<group>"; };
		0B8F77831D9CF5460025597B /* WBSDKCommentButton.h */ = {isa = PBXFileReference; fileEncoding = 4; lastKnownFileType = sourcecode.c.h; path = WBSDKCommentButton.h; sourceTree = "<group>"; };
		0B8F77841D9CF5460025597B /* WBSDKRelationshipButton.h */ = {isa = PBXFileReference; fileEncoding = 4; lastKnownFileType = sourcecode.c.h; path = WBSDKRelationshipButton.h; sourceTree = "<group>"; };
		0B8F77851D9CF5460025597B /* WeiboSDK+Statistics.h */ = {isa = PBXFileReference; fileEncoding = 4; lastKnownFileType = sourcecode.c.h; path = "WeiboSDK+Statistics.h"; sourceTree = "<group>"; };
		0B8F77861D9CF5460025597B /* WeiboSDK.bundle */ = {isa = PBXFileReference; lastKnownFileType = "wrapper.plug-in"; path = WeiboSDK.bundle; sourceTree = "<group>"; };
		0B8F77871D9CF5460025597B /* WeiboSDK.h */ = {isa = PBXFileReference; fileEncoding = 4; lastKnownFileType = sourcecode.c.h; path = WeiboSDK.h; sourceTree = "<group>"; };
		0B8F77881D9CF5460025597B /* WeiboUser.h */ = {isa = PBXFileReference; fileEncoding = 4; lastKnownFileType = sourcecode.c.h; path = WeiboUser.h; sourceTree = "<group>"; };
		0B8F778A1D9CF5460025597B /* libSocialQQ.a */ = {isa = PBXFileReference; lastKnownFileType = archive.ar; path = libSocialQQ.a; sourceTree = "<group>"; };
		0B8F778B1D9CF5460025597B /* TencentOpenAPI.framework */ = {isa = PBXFileReference; lastKnownFileType = wrapper.framework; path = TencentOpenAPI.framework; sourceTree = "<group>"; };
		0B8F778C1D9CF5460025597B /* TencentOpenApi_IOS_Bundle.bundle */ = {isa = PBXFileReference; lastKnownFileType = "wrapper.plug-in"; path = TencentOpenApi_IOS_Bundle.bundle; sourceTree = "<group>"; };
		0B8F778D1D9CF5460025597B /* UMSocialQQHandler.h */ = {isa = PBXFileReference; fileEncoding = 4; lastKnownFileType = sourcecode.c.h; path = UMSocialQQHandler.h; sourceTree = "<group>"; };
		0B8F77901D9CF5460025597B /* en */ = {isa = PBXFileReference; lastKnownFileType = text.plist.strings; name = en; path = en.lproj/UMSocialLocalizable.strings; sourceTree = "<group>"; };
		0B8F77921D9CF5460025597B /* UMSocial.h */ = {isa = PBXFileReference; fileEncoding = 4; lastKnownFileType = sourcecode.c.h; path = UMSocial.h; sourceTree = "<group>"; };
		0B8F77931D9CF5460025597B /* UMSocialAccountManager.h */ = {isa = PBXFileReference; fileEncoding = 4; lastKnownFileType = sourcecode.c.h; path = UMSocialAccountManager.h; sourceTree = "<group>"; };
		0B8F77941D9CF5460025597B /* UMSocialBar.h */ = {isa = PBXFileReference; fileEncoding = 4; lastKnownFileType = sourcecode.c.h; path = UMSocialBar.h; sourceTree = "<group>"; };
		0B8F77951D9CF5460025597B /* UMSocialConfig.h */ = {isa = PBXFileReference; fileEncoding = 4; lastKnownFileType = sourcecode.c.h; path = UMSocialConfig.h; sourceTree = "<group>"; };
		0B8F77961D9CF5460025597B /* UMSocialControllerService.h */ = {isa = PBXFileReference; fileEncoding = 4; lastKnownFileType = sourcecode.c.h; path = UMSocialControllerService.h; sourceTree = "<group>"; };
		0B8F77971D9CF5460025597B /* UMSocialControllerServiceComment.h */ = {isa = PBXFileReference; fileEncoding = 4; lastKnownFileType = sourcecode.c.h; path = UMSocialControllerServiceComment.h; sourceTree = "<group>"; };
		0B8F77981D9CF5460025597B /* UMSocialData.h */ = {isa = PBXFileReference; fileEncoding = 4; lastKnownFileType = sourcecode.c.h; path = UMSocialData.h; sourceTree = "<group>"; };
		0B8F77991D9CF5460025597B /* UMSocialDataService.h */ = {isa = PBXFileReference; fileEncoding = 4; lastKnownFileType = sourcecode.c.h; path = UMSocialDataService.h; sourceTree = "<group>"; };
		0B8F779A1D9CF5460025597B /* UMSocialSnsData.h */ = {isa = PBXFileReference; fileEncoding = 4; lastKnownFileType = sourcecode.c.h; path = UMSocialSnsData.h; sourceTree = "<group>"; };
		0B8F779B1D9CF5460025597B /* UMSocialSnsPlatformManager.h */ = {isa = PBXFileReference; fileEncoding = 4; lastKnownFileType = sourcecode.c.h; path = UMSocialSnsPlatformManager.h; sourceTree = "<group>"; };
		0B8F779C1D9CF5460025597B /* UMSocialSnsService.h */ = {isa = PBXFileReference; fileEncoding = 4; lastKnownFileType = sourcecode.c.h; path = UMSocialSnsService.h; sourceTree = "<group>"; };
		0B8F779D1D9CF5460025597B /* libUMSocial_Sdk_5.2.1.a */ = {isa = PBXFileReference; lastKnownFileType = archive.ar; path = libUMSocial_Sdk_5.2.1.a; sourceTree = "<group>"; };
		0B8F779F1D9CF5460025597B /* UMSCommentDetailController.xib */ = {isa = PBXFileReference; fileEncoding = 4; lastKnownFileType = file.xib; path = UMSCommentDetailController.xib; sourceTree = "<group>"; };
		0B8F77A01D9CF5460025597B /* UMSCommentInputController.xib */ = {isa = PBXFileReference; fileEncoding = 4; lastKnownFileType = file.xib; path = UMSCommentInputController.xib; sourceTree = "<group>"; };
		0B8F77A11D9CF5460025597B /* UMSCommentInputControlleriPad.xib */ = {isa = PBXFileReference; fileEncoding = 4; lastKnownFileType = file.xib; path = UMSCommentInputControlleriPad.xib; sourceTree = "<group>"; };
		0B8F77A21D9CF5460025597B /* UMShareEditViewController.xib */ = {isa = PBXFileReference; fileEncoding = 4; lastKnownFileType = file.xib; path = UMShareEditViewController.xib; sourceTree = "<group>"; };
		0B8F77A31D9CF5460025597B /* UMShareEditViewControlleriPad.xib */ = {isa = PBXFileReference; fileEncoding = 4; lastKnownFileType = file.xib; path = UMShareEditViewControlleriPad.xib; sourceTree = "<group>"; };
		0B8F77A41D9CF5460025597B /* UMSLoginViewController.xib */ = {isa = PBXFileReference; fileEncoding = 4; lastKnownFileType = file.xib; path = UMSLoginViewController.xib; sourceTree = "<group>"; };
		0B8F77A51D9CF5460025597B /* UMSnsAccountViewController.xib */ = {isa = PBXFileReference; fileEncoding = 4; lastKnownFileType = file.xib; path = UMSnsAccountViewController.xib; sourceTree = "<group>"; };
		0B8F77A61D9CF5460025597B /* UMSShareListController.xib */ = {isa = PBXFileReference; fileEncoding = 4; lastKnownFileType = file.xib; path = UMSShareListController.xib; sourceTree = "<group>"; };
		0B8F77A71D9CF5460025597B /* UMSocialSDKResourcesNew.bundle */ = {isa = PBXFileReference; lastKnownFileType = "wrapper.plug-in"; path = UMSocialSDKResourcesNew.bundle; sourceTree = "<group>"; };
		0B8F77A81D9CF5460025597B /* zh-Hans */ = {isa = PBXFileReference; lastKnownFileType = text.plist.strings; name = "zh-Hans"; path = "zh-Hans.lproj/UMSocialLocalizable.strings"; sourceTree = "<group>"; };
		0B8F77AA1D9CF5460025597B /* libSocialWechat.a */ = {isa = PBXFileReference; lastKnownFileType = archive.ar; path = libSocialWechat.a; sourceTree = "<group>"; };
		0B8F77AB1D9CF5460025597B /* libWeChatSDK.a */ = {isa = PBXFileReference; lastKnownFileType = archive.ar; path = libWeChatSDK.a; sourceTree = "<group>"; };
		0B8F77AC1D9CF5460025597B /* UMSocialWechatHandler.h */ = {isa = PBXFileReference; fileEncoding = 4; lastKnownFileType = sourcecode.c.h; path = UMSocialWechatHandler.h; sourceTree = "<group>"; };
		0B8F77AD1D9CF5460025597B /* WechatAuthSDK.h */ = {isa = PBXFileReference; fileEncoding = 4; lastKnownFileType = sourcecode.c.h; path = WechatAuthSDK.h; sourceTree = "<group>"; };
		0B8F77AE1D9CF5460025597B /* WXApi.h */ = {isa = PBXFileReference; fileEncoding = 4; lastKnownFileType = sourcecode.c.h; path = WXApi.h; sourceTree = "<group>"; };
		0B8F77AF1D9CF5460025597B /* WXApiObject.h */ = {isa = PBXFileReference; fileEncoding = 4; lastKnownFileType = sourcecode.c.h; path = WXApiObject.h; sourceTree = "<group>"; };
		0BC367321D83F2C80046B779 /* XJToTopView.h */ = {isa = PBXFileReference; fileEncoding = 4; lastKnownFileType = sourcecode.c.h; path = XJToTopView.h; sourceTree = "<group>"; };
		0BC367331D83F2C80046B779 /* XJToTopView.m */ = {isa = PBXFileReference; fileEncoding = 4; lastKnownFileType = sourcecode.c.objc; path = XJToTopView.m; sourceTree = "<group>"; };
		0BC367361D8402DF0046B779 /* UIView+XJExtention.h */ = {isa = PBXFileReference; fileEncoding = 4; lastKnownFileType = sourcecode.c.h; path = "UIView+XJExtention.h"; sourceTree = "<group>"; };
		0BC367371D8402DF0046B779 /* UIView+XJExtention.m */ = {isa = PBXFileReference; fileEncoding = 4; lastKnownFileType = sourcecode.c.objc; path = "UIView+XJExtention.m"; sourceTree = "<group>"; };
		0BC3673B1D8452A80046B779 /* MBProgressHUD+XJ.h */ = {isa = PBXFileReference; fileEncoding = 4; lastKnownFileType = sourcecode.c.h; path = "MBProgressHUD+XJ.h"; sourceTree = "<group>"; };
		0BC3673C1D8452A80046B779 /* MBProgressHUD+XJ.m */ = {isa = PBXFileReference; fileEncoding = 4; lastKnownFileType = sourcecode.c.objc; path = "MBProgressHUD+XJ.m"; sourceTree = "<group>"; };
		0BC3673E1D8455E10046B779 /* XJMainViewController.h */ = {isa = PBXFileReference; fileEncoding = 4; lastKnownFileType = sourcecode.c.h; path = XJMainViewController.h; sourceTree = "<group>"; };
		0BC3673F1D8455E10046B779 /* XJMainViewController.m */ = {isa = PBXFileReference; fileEncoding = 4; lastKnownFileType = sourcecode.c.objc; path = XJMainViewController.m; sourceTree = "<group>"; };
		0BC367421D8456D10046B779 /* danmu.plist */ = {isa = PBXFileReference; fileEncoding = 4; lastKnownFileType = text.plist.xml; path = danmu.plist; sourceTree = "<group>"; };
		0BD4BC4B1D8F91D600536F6F /* XJHouseBottomView.h */ = {isa = PBXFileReference; fileEncoding = 4; lastKnownFileType = sourcecode.c.h; path = XJHouseBottomView.h; sourceTree = "<group>"; };
		0BD4BC4C1D8F91D600536F6F /* XJHouseBottomView.m */ = {isa = PBXFileReference; fileEncoding = 4; lastKnownFileType = sourcecode.c.objc; path = XJHouseBottomView.m; sourceTree = "<group>"; };
		0BD4BC4E1D8FFBAD00536F6F /* XJHousePreviewView.h */ = {isa = PBXFileReference; fileEncoding = 4; lastKnownFileType = sourcecode.c.h; path = XJHousePreviewView.h; sourceTree = "<group>"; };
		0BD4BC4F1D8FFBAD00536F6F /* XJHousePreviewView.m */ = {isa = PBXFileReference; fileEncoding = 4; lastKnownFileType = sourcecode.c.objc; path = XJHousePreviewView.m; sourceTree = "<group>"; };
		0BD4BC511D8FFBC100536F6F /* XJHousePreviewView.xib */ = {isa = PBXFileReference; fileEncoding = 4; lastKnownFileType = file.xib; path = XJHousePreviewView.xib; sourceTree = "<group>"; };
		0BD8F77A1D92A86700BD23AF /* IJKMediaFramework.framework */ = {isa = PBXFileReference; lastKnownFileType = wrapper.framework; path = IJKMediaFramework.framework; sourceTree = "<group>"; };
		0BDAF7821D93B01C0054F20A /* XJThirdLogInView.h */ = {isa = PBXFileReference; fileEncoding = 4; lastKnownFileType = sourcecode.c.h; path = XJThirdLogInView.h; sourceTree = "<group>"; };
		0BDAF7831D93B01C0054F20A /* XJThirdLogInView.m */ = {isa = PBXFileReference; fileEncoding = 4; lastKnownFileType = sourcecode.c.objc; path = XJThirdLogInView.m; sourceTree = "<group>"; };
		0BDAF7851D93C1730054F20A /* XJMeViewController.storyboard */ = {isa = PBXFileReference; fileEncoding = 4; lastKnownFileType = file.storyboard; path = XJMeViewController.storyboard; sourceTree = "<group>"; };
		0BDAF7871D93D8FC0054F20A /* XJCell1.h */ = {isa = PBXFileReference; fileEncoding = 4; lastKnownFileType = sourcecode.c.h; path = XJCell1.h; sourceTree = "<group>"; };
		0BDAF7881D93D8FC0054F20A /* XJCell1.m */ = {isa = PBXFileReference; fileEncoding = 4; lastKnownFileType = sourcecode.c.objc; path = XJCell1.m; sourceTree = "<group>"; };
		0BE0C64B1D89168700618D7C /* loginmovie.mp4 */ = {isa = PBXFileReference; lastKnownFileType = file; path = loginmovie.mp4; sourceTree = "<group>"; };
		0BE0C65D1D891F6000618D7C /* login_video.mp4 */ = {isa = PBXFileReference; lastKnownFileType = file; path = login_video.mp4; sourceTree = "<group>"; };
		0BE0C65F1D891F7E00618D7C /* loginmovie1.mp4 */ = {isa = PBXFileReference; lastKnownFileType = file; path = loginmovie1.mp4; sourceTree = "<group>"; };
		0BE0C6611D89290800618D7C /* UIImage+XJExtension.h */ = {isa = PBXFileReference; fileEncoding = 4; lastKnownFileType = sourcecode.c.h; path = "UIImage+XJExtension.h"; sourceTree = "<group>"; };
		0BE0C6621D89290800618D7C /* UIImage+XJExtension.m */ = {isa = PBXFileReference; fileEncoding = 4; lastKnownFileType = sourcecode.c.objc; path = "UIImage+XJExtension.m"; sourceTree = "<group>"; };
		0BF0369A1D9A9AC000CF3F0D /* XJUserView.h */ = {isa = PBXFileReference; fileEncoding = 4; lastKnownFileType = sourcecode.c.h; path = XJUserView.h; sourceTree = "<group>"; };
		0BF0369B1D9A9AC000CF3F0D /* XJUserView.m */ = {isa = PBXFileReference; fileEncoding = 4; lastKnownFileType = sourcecode.c.objc; path = XJUserView.m; sourceTree = "<group>"; };
		0BF0369D1D9A9ACA00CF3F0D /* XJUserView.xib */ = {isa = PBXFileReference; fileEncoding = 4; lastKnownFileType = file.xib; path = XJUserView.xib; sourceTree = "<group>"; };
		0BF036A01D9AB91200CF3F0D /* Single.h */ = {isa = PBXFileReference; fileEncoding = 4; lastKnownFileType = sourcecode.c.h; path = Single.h; sourceTree = "<group>"; };
		0BF036A11D9AB97700CF3F0D /* XJCareData.h */ = {isa = PBXFileReference; fileEncoding = 4; lastKnownFileType = sourcecode.c.h; path = XJCareData.h; sourceTree = "<group>"; };
		0BF036A21D9AB97700CF3F0D /* XJCareData.m */ = {isa = PBXFileReference; fileEncoding = 4; lastKnownFileType = sourcecode.c.objc; path = XJCareData.m; sourceTree = "<group>"; };
		0BF24FD81D88305B00FC3774 /* XJHotViewController.h */ = {isa = PBXFileReference; fileEncoding = 4; lastKnownFileType = sourcecode.c.h; path = XJHotViewController.h; sourceTree = "<group>"; };
		0BF24FD91D88305B00FC3774 /* XJHotViewController.m */ = {isa = PBXFileReference; fileEncoding = 4; lastKnownFileType = sourcecode.c.objc; path = XJHotViewController.m; sourceTree = "<group>"; };
		0BF24FE01D8833D900FC3774 /* XJHotLiveCell.h */ = {isa = PBXFileReference; fileEncoding = 4; lastKnownFileType = sourcecode.c.h; path = XJHotLiveCell.h; sourceTree = "<group>"; };
		0BF24FE11D8833D900FC3774 /* XJHotLiveCell.m */ = {isa = PBXFileReference; fileEncoding = 4; lastKnownFileType = sourcecode.c.objc; path = XJHotLiveCell.m; sourceTree = "<group>"; };
		0BF24FE21D8833D900FC3774 /* XJHotLiveCell.xib */ = {isa = PBXFileReference; fileEncoding = 4; lastKnownFileType = file.xib; path = XJHotLiveCell.xib; sourceTree = "<group>"; };
		0BF24FE91D88406700FC3774 /* XJLiveModel.h */ = {isa = PBXFileReference; fileEncoding = 4; lastKnownFileType = sourcecode.c.h; path = XJLiveModel.h; sourceTree = "<group>"; };
		0BF24FEA1D88406700FC3774 /* XJLiveModel.m */ = {isa = PBXFileReference; fileEncoding = 4; lastKnownFileType = sourcecode.c.objc; path = XJLiveModel.m; sourceTree = "<group>"; };
		0BFEE3E81D978AF900A2CB0C /* XJSearchViewController.h */ = {isa = PBXFileReference; fileEncoding = 4; lastKnownFileType = sourcecode.c.h; path = XJSearchViewController.h; sourceTree = "<group>"; };
		0BFEE3E91D978AF900A2CB0C /* XJSearchViewController.m */ = {isa = PBXFileReference; fileEncoding = 4; lastKnownFileType = sourcecode.c.objc; path = XJSearchViewController.m; sourceTree = "<group>"; };
		0BFEE3EC1D979C8F00A2CB0C /* DXPopover.h */ = {isa = PBXFileReference; fileEncoding = 4; lastKnownFileType = sourcecode.c.h; path = DXPopover.h; sourceTree = "<group>"; };
		0BFEE3ED1D979C8F00A2CB0C /* DXPopover.m */ = {isa = PBXFileReference; fileEncoding = 4; lastKnownFileType = sourcecode.c.objc; path = DXPopover.m; sourceTree = "<group>"; };
		84A2758E855B6D2FD3E6742B /* Pods.release.xcconfig */ = {isa = PBXFileReference; includeInIndex = 1; lastKnownFileType = text.xcconfig; name = Pods.release.xcconfig; path = "Pods/Target Support Files/Pods/Pods.release.xcconfig"; sourceTree = "<group>"; };
		F3C95840A78277326BB1CC54 /* Pods.debug.xcconfig */ = {isa = PBXFileReference; includeInIndex = 1; lastKnownFileType = text.xcconfig; name = Pods.debug.xcconfig; path = "Pods/Target Support Files/Pods/Pods.debug.xcconfig"; sourceTree = "<group>"; };
/* End PBXFileReference section */

/* Begin PBXFrameworksBuildPhase section */
		0B4EDEEC1D83150300079231 /* Frameworks */ = {
			isa = PBXFrameworksBuildPhase;
			buildActionMask = 2147483647;
			files = (
				0B4EDF4A1D83166900079231 /* libz.tbd in Frameworks */,
				0B5695991D92880300DA1FEA /* libstdc++.tbd in Frameworks */,
				0B8F77B31D9CF5460025597B /* libSocialQQ.a in Frameworks */,
				0B5695971D9287F900DA1FEA /* CoreTelephony.framework in Frameworks */,
				0B8F77C21D9CF5460025597B /* libWeChatSDK.a in Frameworks */,
				0B5695951D9287EE00DA1FEA /* libsqlite3.tbd in Frameworks */,
				0B5695931D9287E600DA1FEA /* CoreGraphics.framework in Frameworks */,
				0B8F77C11D9CF5460025597B /* libSocialWechat.a in Frameworks */,
				0B5695911D9287D200DA1FEA /* libiconv.tbd in Frameworks */,
				0B56958F1D9287C500DA1FEA /* Security.framework in Frameworks */,
				0B8F77B01D9CF5460025597B /* libSocialSinaSSO.a in Frameworks */,
				0B8F77B41D9CF5460025597B /* TencentOpenAPI.framework in Frameworks */,
				0B4EDF401D83163A00079231 /* SystemConfiguration.framework in Frameworks */,
				0BD8F77B1D92A86700BD23AF /* IJKMediaFramework.framework in Frameworks */,
				0B8F77B11D9CF5460025597B /* libWeiboSDK.a in Frameworks */,
				0B5694FB1D927CFE00DA1FEA /* libPods.a in Frameworks */,
				0B4EDF541D8316AB00079231 /* AudioToolbox.framework in Frameworks */,
				0B4EDF521D83169E00079231 /* AVFoundation.framework in Frameworks */,
				0B4EDF501D83169500079231 /* CoreMedia.framework in Frameworks */,
				0B4EDF4E1D83168D00079231 /* CoreVideo.framework in Frameworks */,
				0B4EDF4C1D83167000079231 /* libbz2.tbd in Frameworks */,
				0B4EDF481D83165D00079231 /* MediaPlayer.framework in Frameworks */,
				0B4EDF461D83165600079231 /* MobileCoreServices.framework in Frameworks */,
				0B4EDF441D83164C00079231 /* OpenGLES.framework in Frameworks */,
				0B8F77B71D9CF5460025597B /* libUMSocial_Sdk_5.2.1.a in Frameworks */,
				0B4EDF421D83164400079231 /* VideoToolbox.framework in Frameworks */,
			);
			runOnlyForDeploymentPostprocessing = 0;
		};
		0B4EDF051D83150400079231 /* Frameworks */ = {
			isa = PBXFrameworksBuildPhase;
			buildActionMask = 2147483647;
			files = (
			);
			runOnlyForDeploymentPostprocessing = 0;
		};
		0B4EDF101D83150400079231 /* Frameworks */ = {
			isa = PBXFrameworksBuildPhase;
			buildActionMask = 2147483647;
			files = (
			);
			runOnlyForDeploymentPostprocessing = 0;
		};
/* End PBXFrameworksBuildPhase section */

/* Begin PBXGroup section */
		0B04EBC61D86750C00E897AF /* Me */ = {
			isa = PBXGroup;
			children = (
				0B04EBC71D86750C00E897AF /* Controller */,
				0B04EBC81D86750C00E897AF /* Model */,
				0B04EBC91D86750C00E897AF /* View */,
			);
			path = Me;
			sourceTree = "<group>";
		};
		0B04EBC71D86750C00E897AF /* Controller */ = {
			isa = PBXGroup;
			children = (
				0B04EBCA1D86752D00E897AF /* XJMeViewController.h */,
				0B04EBCB1D86752D00E897AF /* XJMeViewController.m */,
				0BDAF7851D93C1730054F20A /* XJMeViewController.storyboard */,
			);
			path = Controller;
			sourceTree = "<group>";
		};
		0B04EBC81D86750C00E897AF /* Model */ = {
			isa = PBXGroup;
			children = (
			);
			path = Model;
			sourceTree = "<group>";
		};
		0B04EBC91D86750C00E897AF /* View */ = {
			isa = PBXGroup;
			children = (
				0BDAF7871D93D8FC0054F20A /* XJCell1.h */,
				0BDAF7881D93D8FC0054F20A /* XJCell1.m */,
			);
			path = View;
			sourceTree = "<group>";
		};
		0B0BA4381D9BD70A0063A174 /* Controller */ = {
			isa = PBXGroup;
			children = (
				0B0BA43B1D9BD7C80063A174 /* XJCareViewController.h */,
				0B0BA43C1D9BD7C80063A174 /* XJCareViewController.m */,
			);
			path = Controller;
			sourceTree = "<group>";
		};
		0B0BA4391D9BD70A0063A174 /* Model */ = {
			isa = PBXGroup;
			children = (
			);
			path = Model;
			sourceTree = "<group>";
		};
		0B0BA43A1D9BD70A0063A174 /* View */ = {
			isa = PBXGroup;
			children = (
				0B0BA4401D9BD8F50063A174 /* XJCareFlowLayout.h */,
				0B0BA4411D9BD8F50063A174 /* XJCareFlowLayout.m */,
				0B0BA4461D9BE2BA0063A174 /* XJCareCoverView.h */,
				0B0BA4471D9BE2BA0063A174 /* XJCareCoverView.m */,
				0B0BA4491D9BE2C30063A174 /* XJCareCoverView.xib */,
			);
			path = View;
			sourceTree = "<group>";
		};
		0B4EDEE61D83150300079231 = {
			isa = PBXGroup;
			children = (
				0B4EDEF11D83150400079231 /* TTLive */,
				0B4EDF0B1D83150400079231 /* TTLiveTests */,
				0B4EDF161D83150400079231 /* TTLiveUITests */,
				0B4EDEF01D83150300079231 /* Products */,
				2E1ED3DA3C3E9FEFD87D7B75 /* Pods */,
				DFE1E6AE08BB5CEAABED9338 /* Frameworks */,
			);
			sourceTree = "<group>";
		};
		0B4EDEF01D83150300079231 /* Products */ = {
			isa = PBXGroup;
			children = (
				0B4EDEEF1D83150300079231 /* TTLive.app */,
				0B4EDF081D83150400079231 /* TTLiveTests.xctest */,
				0B4EDF131D83150400079231 /* TTLiveUITests.xctest */,
			);
			name = Products;
			sourceTree = "<group>";
		};
		0B4EDEF11D83150400079231 /* TTLive */ = {
			isa = PBXGroup;
			children = (
				0B4EDF251D8315DB00079231 /* Classes */,
				0B4EDEFE1D83150400079231 /* Assets.xcassets */,
				0B4EDEF21D83150400079231 /* Supporting Files */,
			);
			path = TTLive;
			sourceTree = "<group>";
		};
		0B4EDEF21D83150400079231 /* Supporting Files */ = {
			isa = PBXGroup;
			children = (
				0B4EDF001D83150400079231 /* LaunchScreen.storyboard */,
				0B4EDF031D83150400079231 /* Info.plist */,
				0B4EDEF31D83150400079231 /* main.m */,
			);
			name = "Supporting Files";
			sourceTree = "<group>";
		};
		0B4EDF0B1D83150400079231 /* TTLiveTests */ = {
			isa = PBXGroup;
			children = (
				0B4EDF0C1D83150400079231 /* TTLiveTests.m */,
				0B4EDF0E1D83150400079231 /* Info.plist */,
			);
			path = TTLiveTests;
			sourceTree = "<group>";
		};
		0B4EDF161D83150400079231 /* TTLiveUITests */ = {
			isa = PBXGroup;
			children = (
				0B4EDF171D83150400079231 /* TTLiveUITests.m */,
				0B4EDF191D83150400079231 /* Info.plist */,
			);
			path = TTLiveUITests;
			sourceTree = "<group>";
		};
		0B4EDF251D8315DB00079231 /* Classes */ = {
			isa = PBXGroup;
			children = (
				0B4EDEF51D83150400079231 /* AppDelegate.h */,
				0B4EDEF61D83150400079231 /* AppDelegate.m */,
				0B4EDF261D8315DB00079231 /* Frameworks */,
				0B4EDF271D8315DB00079231 /* Home */,
				0B4EDF2B1D8315DB00079231 /* LogIn */,
				0B4EDF311D8315DB00079231 /* Main */,
				0B4EDF351D8315DB00079231 /* Other */,
				0B4EDF361D8315DB00079231 /* ShowTime */,
				0B04EBC61D86750C00E897AF /* Me */,
				0B4EDF3A1D8315DB00079231 /* Tool */,
				0BC367411D8456A20046B779 /* Resources */,
			);
			path = Classes;
			sourceTree = "<group>";
		};
		0B4EDF261D8315DB00079231 /* Frameworks */ = {
			isa = PBXGroup;
			children = (
				0B8F77781D9CF5460025597B /* Share */,
				0B5694291D92384200DA1FEA /* Player */,
			);
			path = Frameworks;
			sourceTree = "<group>";
		};
		0B4EDF271D8315DB00079231 /* Home */ = {
			isa = PBXGroup;
			children = (
				0B8C3C511D90E8F100284EE8 /* Care */,
				0BF24FD61D88305B00FC3774 /* Hot */,
				0BF24FD11D882F2800FC3774 /* New */,
				0B4EDF281D8315DB00079231 /* Controller */,
				0B4EDF291D8315DB00079231 /* Model */,
				0B4EDF2A1D8315DB00079231 /* View */,
			);
			path = Home;
			sourceTree = "<group>";
		};
		0B4EDF281D8315DB00079231 /* Controller */ = {
			isa = PBXGroup;
			children = (
				0BFEE3E71D978AB900A2CB0C /* Search */,
				0B04EBC31D86727500E897AF /* XJHomeViewController.h */,
				0B04EBC41D86727500E897AF /* XJHomeViewController.m */,
			);
			path = Controller;
			sourceTree = "<group>";
		};
		0B4EDF291D8315DB00079231 /* Model */ = {
			isa = PBXGroup;
			children = (
			);
			path = Model;
			sourceTree = "<group>";
		};
		0B4EDF2A1D8315DB00079231 /* View */ = {
			isa = PBXGroup;
			children = (
				0B5F68801D86B15E00D673B8 /* XJTopView.h */,
				0B5F68811D86B15E00D673B8 /* XJTopView.m */,
			);
			path = View;
			sourceTree = "<group>";
		};
		0B4EDF2B1D8315DB00079231 /* LogIn */ = {
			isa = PBXGroup;
			children = (
				0B4EDF2C1D8315DB00079231 /* Controller */,
				0B4EDF2F1D8315DB00079231 /* Model */,
				0B4EDF301D8315DB00079231 /* View */,
			);
			path = LogIn;
			sourceTree = "<group>";
		};
		0B4EDF2C1D8315DB00079231 /* Controller */ = {
			isa = PBXGroup;
			children = (
				0B4EDF2D1D8315DB00079231 /* XJLoginViewController.h */,
				0B4EDF2E1D8315DB00079231 /* XJLoginViewController.m */,
			);
			path = Controller;
			sourceTree = "<group>";
		};
		0B4EDF2F1D8315DB00079231 /* Model */ = {
			isa = PBXGroup;
			children = (
			);
			path = Model;
			sourceTree = "<group>";
		};
		0B4EDF301D8315DB00079231 /* View */ = {
			isa = PBXGroup;
			children = (
				0BDAF7821D93B01C0054F20A /* XJThirdLogInView.h */,
				0BDAF7831D93B01C0054F20A /* XJThirdLogInView.m */,
			);
			path = View;
			sourceTree = "<group>";
		};
		0B4EDF311D8315DB00079231 /* Main */ = {
			isa = PBXGroup;
			children = (
				0B4EDF321D8315DB00079231 /* Controller */,
				0B4EDF331D8315DB00079231 /* Model */,
				0B4EDF341D8315DB00079231 /* View */,
			);
			path = Main;
			sourceTree = "<group>";
		};
		0B4EDF321D8315DB00079231 /* Controller */ = {
			isa = PBXGroup;
			children = (
				0BC3673E1D8455E10046B779 /* XJMainViewController.h */,
				0BC3673F1D8455E10046B779 /* XJMainViewController.m */,
				0B04EBC01D866DAE00E897AF /* XJNavigationController.h */,
				0B04EBC11D866DAE00E897AF /* XJNavigationController.m */,
			);
			path = Controller;
			sourceTree = "<group>";
		};
		0B4EDF331D8315DB00079231 /* Model */ = {
			isa = PBXGroup;
			children = (
			);
			path = Model;
			sourceTree = "<group>";
		};
		0B4EDF341D8315DB00079231 /* View */ = {
			isa = PBXGroup;
			children = (
			);
			path = View;
			sourceTree = "<group>";
		};
		0B4EDF351D8315DB00079231 /* Other */ = {
			isa = PBXGroup;
			children = (
				0B4EDF5E1D8331CE00079231 /* PrefixHeader.h */,
				0B8C3C551D90F02E00284EE8 /* XJRefreshGifHeader.h */,
				0B8C3C561D90F02E00284EE8 /* XJRefreshGifHeader.m */,
				0BE0C6611D89290800618D7C /* UIImage+XJExtension.h */,
				0BE0C6621D89290800618D7C /* UIImage+XJExtension.m */,
				0B50E2C21D8EEF4B00210B01 /* UIViewController+XJExtension.h */,
				0B50E2C31D8EEF4B00210B01 /* UIViewController+XJExtension.m */,
				0B50E2BF1D8EEDAF00210B01 /* UIImageView+XJGif.h */,
				0B50E2C01D8EEDAF00210B01 /* UIImageView+XJGif.m */,
				0BC367361D8402DF0046B779 /* UIView+XJExtention.h */,
				0BC367371D8402DF0046B779 /* UIView+XJExtention.m */,
				0BC3673B1D8452A80046B779 /* MBProgressHUD+XJ.h */,
				0BC3673C1D8452A80046B779 /* MBProgressHUD+XJ.m */,
				0B5F687C1D86A00000D673B8 /* UIDevice+XJExtension.h */,
				0B5F687D1D86A00000D673B8 /* UIDevice+XJExtension.m */,
			);
			path = Other;
			sourceTree = "<group>";
		};
		0B4EDF361D8315DB00079231 /* ShowTime */ = {
			isa = PBXGroup;
			children = (
				0B4EDF371D8315DB00079231 /* Controller */,
				0B4EDF381D8315DB00079231 /* Model */,
				0B4EDF391D8315DB00079231 /* View */,
			);
			path = ShowTime;
			sourceTree = "<group>";
		};
		0B4EDF371D8315DB00079231 /* Controller */ = {
			isa = PBXGroup;
			children = (
				0B04EBCF1D86756100E897AF /* XJShowTimeViewController.h */,
				0B04EBD01D86756100E897AF /* XJShowTimeViewController.m */,
				0B5F68771D86799000D673B8 /* XJShowTimeViewController.storyboard */,
			);
			path = Controller;
			sourceTree = "<group>";
		};
		0B4EDF381D8315DB00079231 /* Model */ = {
			isa = PBXGroup;
			children = (
			);
			path = Model;
			sourceTree = "<group>";
		};
		0B4EDF391D8315DB00079231 /* View */ = {
			isa = PBXGroup;
			children = (
			);
			path = View;
			sourceTree = "<group>";
		};
		0B4EDF3A1D8315DB00079231 /* Tool */ = {
			isa = PBXGroup;
			children = (
				0BFEE3EB1D979C8F00A2CB0C /* DXPopover */,
				0BF036A01D9AB91200CF3F0D /* Single.h */,
				0BF036A11D9AB97700CF3F0D /* XJCareData.h */,
				0BF036A21D9AB97700CF3F0D /* XJCareData.m */,
				0B4EDF3B1D8315DB00079231 /* Reachability.h */,
				0B4EDF3C1D8315DB00079231 /* Reachability.m */,
				0B4EDF5B1D83244600079231 /* XJNetworkingTool.h */,
				0B4EDF5C1D83244600079231 /* XJNetworkingTool.m */,
				0BC367321D83F2C80046B779 /* XJToTopView.h */,
				0BC367331D83F2C80046B779 /* XJToTopView.m */,
			);
			path = Tool;
			sourceTree = "<group>";
		};
		0B50E2AE1D8E658B00210B01 /* House */ = {
			isa = PBXGroup;
			children = (
				0B50E2AF1D8E658B00210B01 /* Controller */,
				0B50E2B01D8E658B00210B01 /* Model */,
				0B50E2B11D8E658B00210B01 /* View */,
			);
			path = House;
			sourceTree = "<group>";
		};
		0B50E2AF1D8E658B00210B01 /* Controller */ = {
			isa = PBXGroup;
			children = (
				0B50E2A81D8E5FA200210B01 /* XJLiveHouseViewController.h */,
				0B50E2A91D8E5FA200210B01 /* XJLiveHouseViewController.m */,
			);
			path = Controller;
			sourceTree = "<group>";
		};
		0B50E2B01D8E658B00210B01 /* Model */ = {
			isa = PBXGroup;
			children = (
				0B50E2AB1D8E604600210B01 /* XJUserModel.h */,
				0B50E2AC1D8E604600210B01 /* XJUserModel.m */,
			);
			path = Model;
			sourceTree = "<group>";
		};
		0B50E2B11D8E658B00210B01 /* View */ = {
			isa = PBXGroup;
			children = (
				0BD4BC4E1D8FFBAD00536F6F /* XJHousePreviewView.h */,
				0BD4BC4F1D8FFBAD00536F6F /* XJHousePreviewView.m */,
				0BD4BC511D8FFBC100536F6F /* XJHousePreviewView.xib */,
				0BD4BC4B1D8F91D600536F6F /* XJHouseBottomView.h */,
				0BD4BC4C1D8F91D600536F6F /* XJHouseBottomView.m */,
				0B50E2BA1D8E91FD00210B01 /* XJFlowLayout.h */,
				0B50E2BB1D8E91FD00210B01 /* XJFlowLayout.m */,
				0B50E2B21D8E665600210B01 /* XJHouseTopView.h */,
				0B50E2B31D8E665600210B01 /* XJHouseTopView.m */,
				0B50E2B51D8E666200210B01 /* XJHouseTopView.xib */,
				0B50E2B71D8E85F600210B01 /* XJHouseLiveCell.h */,
				0B50E2B81D8E85F600210B01 /* XJHouseLiveCell.m */,
				0B3125591D94E7D5009B537B /* XJScrollTextView.h */,
				0B31255A1D94E7D5009B537B /* XJScrollTextView.m */,
				0BF0369A1D9A9AC000CF3F0D /* XJUserView.h */,
				0BF0369B1D9A9AC000CF3F0D /* XJUserView.m */,
				0BF0369D1D9A9ACA00CF3F0D /* XJUserView.xib */,
			);
			path = View;
			sourceTree = "<group>";
		};
		0B5694291D92384200DA1FEA /* Player */ = {
			isa = PBXGroup;
			children = (
				0BD8F77A1D92A86700BD23AF /* IJKMediaFramework.framework */,
				0B4EDF531D8316AB00079231 /* AudioToolbox.framework */,
				0B4EDF511D83169E00079231 /* AVFoundation.framework */,
				0B4EDF4F1D83169500079231 /* CoreMedia.framework */,
				0B4EDF4D1D83168C00079231 /* CoreVideo.framework */,
				0B4EDF4B1D83167000079231 /* libbz2.tbd */,
				0B4EDF491D83166900079231 /* libz.tbd */,
				0B4EDF471D83165D00079231 /* MediaPlayer.framework */,
				0B4EDF451D83165600079231 /* MobileCoreServices.framework */,
				0B4EDF431D83164C00079231 /* OpenGLES.framework */,
				0B4EDF411D83164400079231 /* VideoToolbox.framework */,
				0B4EDF3F1D83163A00079231 /* SystemConfiguration.framework */,
			);
			path = Player;
			sourceTree = "<group>";
		};
		0B8C3C511D90E8F100284EE8 /* Care */ = {
			isa = PBXGroup;
			children = (
				0B0BA4381D9BD70A0063A174 /* Controller */,
				0B0BA4391D9BD70A0063A174 /* Model */,
				0B0BA43A1D9BD70A0063A174 /* View */,
			);
			path = Care;
			sourceTree = "<group>";
		};
		0B8F77781D9CF5460025597B /* Share */ = {
			isa = PBXGroup;
			children = (
				0B8F77791D9CF5460025597B /* SinaSSO */,
				0B8F77891D9CF5460025597B /* TencentOpenAPI */,
				0B8F778E1D9CF5460025597B /* UMSocial_Sdk_5.2.1 */,
				0B8F77A91D9CF5460025597B /* Wechat */,
			);
			path = Share;
			sourceTree = "<group>";
		};
		0B8F77791D9CF5460025597B /* SinaSSO */ = {
			isa = PBXGroup;
			children = (
				0B8F777A1D9CF5460025597B /* libSocialSinaSSO.a */,
				0B8F777B1D9CF5460025597B /* libWeiboSDK.a */,
				0B8F777C1D9CF5460025597B /* UMSocialSinaSSOHandler.h */,
				0B8F777D1D9CF5460025597B /* WBHttpRequest+WeiboGame.h */,
				0B8F777E1D9CF5460025597B /* WBHttpRequest+WeiboShare.h */,
				0B8F777F1D9CF5460025597B /* WBHttpRequest+WeiboToken.h */,
				0B8F77801D9CF5460025597B /* WBHttpRequest+WeiboUser.h */,
				0B8F77811D9CF5460025597B /* WBHttpRequest.h */,
				0B8F77821D9CF5460025597B /* WBSDKBasicButton.h */,
				0B8F77831D9CF5460025597B /* WBSDKCommentButton.h */,
				0B8F77841D9CF5460025597B /* WBSDKRelationshipButton.h */,
				0B8F77851D9CF5460025597B /* WeiboSDK+Statistics.h */,
				0B8F77861D9CF5460025597B /* WeiboSDK.bundle */,
				0B8F77871D9CF5460025597B /* WeiboSDK.h */,
				0B8F77881D9CF5460025597B /* WeiboUser.h */,
			);
			path = SinaSSO;
			sourceTree = "<group>";
		};
		0B8F77891D9CF5460025597B /* TencentOpenAPI */ = {
			isa = PBXGroup;
			children = (
				0B8F778A1D9CF5460025597B /* libSocialQQ.a */,
				0B8F778B1D9CF5460025597B /* TencentOpenAPI.framework */,
				0B8F778C1D9CF5460025597B /* TencentOpenApi_IOS_Bundle.bundle */,
				0B8F778D1D9CF5460025597B /* UMSocialQQHandler.h */,
			);
			path = TencentOpenAPI;
			sourceTree = "<group>";
		};
		0B8F778E1D9CF5460025597B /* UMSocial_Sdk_5.2.1 */ = {
			isa = PBXGroup;
			children = (
				0B8F778F1D9CF5460025597B /* UMSocialLocalizable.strings */,
				0B8F77911D9CF5460025597B /* Header */,
				0B8F779D1D9CF5460025597B /* libUMSocial_Sdk_5.2.1.a */,
				0B8F779E1D9CF5460025597B /* SocialSDKXib */,
				0B8F77A71D9CF5460025597B /* UMSocialSDKResourcesNew.bundle */,
			);
			path = UMSocial_Sdk_5.2.1;
			sourceTree = "<group>";
		};
		0B8F77911D9CF5460025597B /* Header */ = {
			isa = PBXGroup;
			children = (
				0B8F77921D9CF5460025597B /* UMSocial.h */,
				0B8F77931D9CF5460025597B /* UMSocialAccountManager.h */,
				0B8F77941D9CF5460025597B /* UMSocialBar.h */,
				0B8F77951D9CF5460025597B /* UMSocialConfig.h */,
				0B8F77961D9CF5460025597B /* UMSocialControllerService.h */,
				0B8F77971D9CF5460025597B /* UMSocialControllerServiceComment.h */,
				0B8F77981D9CF5460025597B /* UMSocialData.h */,
				0B8F77991D9CF5460025597B /* UMSocialDataService.h */,
				0B8F779A1D9CF5460025597B /* UMSocialSnsData.h */,
				0B8F779B1D9CF5460025597B /* UMSocialSnsPlatformManager.h */,
				0B8F779C1D9CF5460025597B /* UMSocialSnsService.h */,
			);
			path = Header;
			sourceTree = "<group>";
		};
		0B8F779E1D9CF5460025597B /* SocialSDKXib */ = {
			isa = PBXGroup;
			children = (
				0B8F779F1D9CF5460025597B /* UMSCommentDetailController.xib */,
				0B8F77A01D9CF5460025597B /* UMSCommentInputController.xib */,
				0B8F77A11D9CF5460025597B /* UMSCommentInputControlleriPad.xib */,
				0B8F77A21D9CF5460025597B /* UMShareEditViewController.xib */,
				0B8F77A31D9CF5460025597B /* UMShareEditViewControlleriPad.xib */,
				0B8F77A41D9CF5460025597B /* UMSLoginViewController.xib */,
				0B8F77A51D9CF5460025597B /* UMSnsAccountViewController.xib */,
				0B8F77A61D9CF5460025597B /* UMSShareListController.xib */,
			);
			path = SocialSDKXib;
			sourceTree = "<group>";
		};
		0B8F77A91D9CF5460025597B /* Wechat */ = {
			isa = PBXGroup;
			children = (
				0B8F77AA1D9CF5460025597B /* libSocialWechat.a */,
				0B8F77AB1D9CF5460025597B /* libWeChatSDK.a */,
				0B8F77AC1D9CF5460025597B /* UMSocialWechatHandler.h */,
				0B8F77AD1D9CF5460025597B /* WechatAuthSDK.h */,
				0B8F77AE1D9CF5460025597B /* WXApi.h */,
				0B8F77AF1D9CF5460025597B /* WXApiObject.h */,
			);
			path = Wechat;
			sourceTree = "<group>";
		};
		0BC367411D8456A20046B779 /* Resources */ = {
			isa = PBXGroup;
			children = (
				0BE0C65D1D891F6000618D7C /* login_video.mp4 */,
				0BE0C64B1D89168700618D7C /* loginmovie.mp4 */,
				0BC367421D8456D10046B779 /* danmu.plist */,
				0B5695A01D92A4E200DA1FEA /* user.plist */,
				0BE0C65F1D891F7E00618D7C /* loginmovie1.mp4 */,
			);
			path = Resources;
			sourceTree = "<group>";
		};
		0BF24FD11D882F2800FC3774 /* New */ = {
			isa = PBXGroup;
			children = (
				0BF24FDD1D88306E00FC3774 /* Controller */,
				0BF24FDE1D88306E00FC3774 /* Model */,
				0BF24FDF1D88306E00FC3774 /* View */,
			);
			path = New;
			sourceTree = "<group>";
		};
		0BF24FD61D88305B00FC3774 /* Hot */ = {
			isa = PBXGroup;
			children = (
				0B50E2AE1D8E658B00210B01 /* House */,
				0BF24FD71D88305B00FC3774 /* Controller */,
				0BF24FDA1D88305B00FC3774 /* Model */,
				0BF24FDB1D88305B00FC3774 /* View */,
			);
			path = Hot;
			sourceTree = "<group>";
		};
		0BF24FD71D88305B00FC3774 /* Controller */ = {
			isa = PBXGroup;
			children = (
				0BF24FD81D88305B00FC3774 /* XJHotViewController.h */,
				0BF24FD91D88305B00FC3774 /* XJHotViewController.m */,
			);
			path = Controller;
			sourceTree = "<group>";
		};
		0BF24FDA1D88305B00FC3774 /* Model */ = {
			isa = PBXGroup;
			children = (
				0BF24FE91D88406700FC3774 /* XJLiveModel.h */,
				0BF24FEA1D88406700FC3774 /* XJLiveModel.m */,
			);
			path = Model;
			sourceTree = "<group>";
		};
		0BF24FDB1D88305B00FC3774 /* View */ = {
			isa = PBXGroup;
			children = (
				0BF24FE01D8833D900FC3774 /* XJHotLiveCell.h */,
				0BF24FE11D8833D900FC3774 /* XJHotLiveCell.m */,
				0BF24FE21D8833D900FC3774 /* XJHotLiveCell.xib */,
			);
			path = View;
			sourceTree = "<group>";
		};
		0BF24FDD1D88306E00FC3774 /* Controller */ = {
			isa = PBXGroup;
			children = (
				0B72C03B1D9167940065C320 /* XJNewStarViewController.h */,
				0B72C03C1D9167940065C320 /* XJNewStarViewController.m */,
			);
			path = Controller;
			sourceTree = "<group>";
		};
		0BF24FDE1D88306E00FC3774 /* Model */ = {
			isa = PBXGroup;
			children = (
			);
			path = Model;
			sourceTree = "<group>";
		};
		0BF24FDF1D88306E00FC3774 /* View */ = {
			isa = PBXGroup;
			children = (
				0B72C03E1D9168E30065C320 /* XJNewStarFlowLayout.h */,
				0B72C03F1D9168E30065C320 /* XJNewStarFlowLayout.m */,
				0B72C0411D916CCF0065C320 /* XJNewStarCell.h */,
				0B72C0421D916CCF0065C320 /* XJNewStarCell.m */,
				0B72C0431D916CCF0065C320 /* XJNewStarCell.xib */,
			);
			path = View;
			sourceTree = "<group>";
		};
		0BFEE3E71D978AB900A2CB0C /* Search */ = {
			isa = PBXGroup;
			children = (
				0BFEE3E81D978AF900A2CB0C /* XJSearchViewController.h */,
				0BFEE3E91D978AF900A2CB0C /* XJSearchViewController.m */,
			);
			path = Search;
			sourceTree = "<group>";
		};
		0BFEE3EB1D979C8F00A2CB0C /* DXPopover */ = {
			isa = PBXGroup;
			children = (
				0BFEE3EC1D979C8F00A2CB0C /* DXPopover.h */,
				0BFEE3ED1D979C8F00A2CB0C /* DXPopover.m */,
			);
			path = DXPopover;
			sourceTree = "<group>";
		};
		2E1ED3DA3C3E9FEFD87D7B75 /* Pods */ = {
			isa = PBXGroup;
			children = (
				F3C95840A78277326BB1CC54 /* Pods.debug.xcconfig */,
				84A2758E855B6D2FD3E6742B /* Pods.release.xcconfig */,
			);
			name = Pods;
			sourceTree = "<group>";
		};
		DFE1E6AE08BB5CEAABED9338 /* Frameworks */ = {
			isa = PBXGroup;
			children = (
				0B5695981D92880300DA1FEA /* libstdc++.tbd */,
				0B5695961D9287F900DA1FEA /* CoreTelephony.framework */,
				0B5695941D9287EE00DA1FEA /* libsqlite3.tbd */,
				0B5695921D9287E600DA1FEA /* CoreGraphics.framework */,
				0B5695901D9287D200DA1FEA /* libiconv.tbd */,
				0B56958E1D9287C500DA1FEA /* Security.framework */,
				0B5694FA1D927CFE00DA1FEA /* libPods.a */,
				0B50E2BD1D8EDA3F00210B01 /* Accelerate.framework */,
			);
			name = Frameworks;
			sourceTree = "<group>";
		};
/* End PBXGroup section */

/* Begin PBXNativeTarget section */
		0B4EDEEE1D83150300079231 /* TTLive */ = {
			isa = PBXNativeTarget;
			buildConfigurationList = 0B4EDF1C1D83150400079231 /* Build configuration list for PBXNativeTarget "TTLive" */;
			buildPhases = (
				16F5A4175040E85FF972884F /* Check Pods Manifest.lock */,
				0B4EDEEB1D83150300079231 /* Sources */,
				0B4EDEEC1D83150300079231 /* Frameworks */,
				0B4EDEED1D83150300079231 /* Resources */,
				4AD389348D61F118FF066472 /* Embed Pods Frameworks */,
				A5BAEA442B918D8474BD255C /* Copy Pods Resources */,
			);
			buildRules = (
			);
			dependencies = (
			);
			name = TTLive;
			productName = TTLive;
			productReference = 0B4EDEEF1D83150300079231 /* TTLive.app */;
			productType = "com.apple.product-type.application";
		};
		0B4EDF071D83150400079231 /* TTLiveTests */ = {
			isa = PBXNativeTarget;
			buildConfigurationList = 0B4EDF1F1D83150400079231 /* Build configuration list for PBXNativeTarget "TTLiveTests" */;
			buildPhases = (
				0B4EDF041D83150400079231 /* Sources */,
				0B4EDF051D83150400079231 /* Frameworks */,
				0B4EDF061D83150400079231 /* Resources */,
			);
			buildRules = (
			);
			dependencies = (
				0B4EDF0A1D83150400079231 /* PBXTargetDependency */,
			);
			name = TTLiveTests;
			productName = TTLiveTests;
			productReference = 0B4EDF081D83150400079231 /* TTLiveTests.xctest */;
			productType = "com.apple.product-type.bundle.unit-test";
		};
		0B4EDF121D83150400079231 /* TTLiveUITests */ = {
			isa = PBXNativeTarget;
			buildConfigurationList = 0B4EDF221D83150400079231 /* Build configuration list for PBXNativeTarget "TTLiveUITests" */;
			buildPhases = (
				0B4EDF0F1D83150400079231 /* Sources */,
				0B4EDF101D83150400079231 /* Frameworks */,
				0B4EDF111D83150400079231 /* Resources */,
			);
			buildRules = (
			);
			dependencies = (
				0B4EDF151D83150400079231 /* PBXTargetDependency */,
			);
			name = TTLiveUITests;
			productName = TTLiveUITests;
			productReference = 0B4EDF131D83150400079231 /* TTLiveUITests.xctest */;
			productType = "com.apple.product-type.bundle.ui-testing";
		};
/* End PBXNativeTarget section */

/* Begin PBXProject section */
		0B4EDEE71D83150300079231 /* Project object */ = {
			isa = PBXProject;
			attributes = {
				CLASSPREFIX = XJ;
				LastUpgradeCheck = 0730;
				ORGANIZATIONNAME = Dear;
				TargetAttributes = {
					0B4EDEEE1D83150300079231 = {
						CreatedOnToolsVersion = 7.3;
						DevelopmentTeam = DE9FVUE4JV;
					};
					0B4EDF071D83150400079231 = {
						CreatedOnToolsVersion = 7.3;
						DevelopmentTeam = DE9FVUE4JV;
						TestTargetID = 0B4EDEEE1D83150300079231;
					};
					0B4EDF121D83150400079231 = {
						CreatedOnToolsVersion = 7.3;
						DevelopmentTeam = DE9FVUE4JV;
						TestTargetID = 0B4EDEEE1D83150300079231;
					};
				};
			};
			buildConfigurationList = 0B4EDEEA1D83150300079231 /* Build configuration list for PBXProject "TTLive" */;
			compatibilityVersion = "Xcode 3.2";
			developmentRegion = English;
			hasScannedForEncodings = 0;
			knownRegions = (
				en,
				Base,
				"zh-Hans",
			);
			mainGroup = 0B4EDEE61D83150300079231;
			productRefGroup = 0B4EDEF01D83150300079231 /* Products */;
			projectDirPath = "";
			projectRoot = "";
			targets = (
				0B4EDEEE1D83150300079231 /* TTLive */,
				0B4EDF071D83150400079231 /* TTLiveTests */,
				0B4EDF121D83150400079231 /* TTLiveUITests */,
			);
		};
/* End PBXProject section */

/* Begin PBXResourcesBuildPhase section */
		0B4EDEED1D83150300079231 /* Resources */ = {
			isa = PBXResourcesBuildPhase;
			buildActionMask = 2147483647;
			files = (
				0B8F77BE1D9CF5460025597B /* UMSnsAccountViewController.xib in Resources */,
				0B8F77B51D9CF5460025597B /* TencentOpenApi_IOS_Bundle.bundle in Resources */,
				0BDAF7861D93C1730054F20A /* XJMeViewController.storyboard in Resources */,
				0B4EDF021D83150400079231 /* LaunchScreen.storyboard in Resources */,
				0B8F77BA1D9CF5460025597B /* UMSCommentInputControlleriPad.xib in Resources */,
				0B72C0451D916CCF0065C320 /* XJNewStarCell.xib in Resources */,
				0BE0C64C1D89168700618D7C /* loginmovie.mp4 in Resources */,
				0B5F68781D86799000D673B8 /* XJShowTimeViewController.storyboard in Resources */,
				0BE0C6601D891F7E00618D7C /* loginmovie1.mp4 in Resources */,
				0B8F77BD1D9CF5460025597B /* UMSLoginViewController.xib in Resources */,
				0B8F77BB1D9CF5460025597B /* UMShareEditViewController.xib in Resources */,
				0BE0C65E1D891F6000618D7C /* login_video.mp4 in Resources */,
				0B8F77C01D9CF5460025597B /* UMSocialSDKResourcesNew.bundle in Resources */,
				0BC367461D8456D10046B779 /* danmu.plist in Resources */,
				0BF0369E1D9A9ACA00CF3F0D /* XJUserView.xib in Resources */,
				0BF24FE41D8833D900FC3774 /* XJHotLiveCell.xib in Resources */,
				0B0BA44A1D9BE2C30063A174 /* XJCareCoverView.xib in Resources */,
				0B5695A11D92A4E200DA1FEA /* user.plist in Resources */,
				0B50E2B61D8E666200210B01 /* XJHouseTopView.xib in Resources */,
				0B8F77BC1D9CF5460025597B /* UMShareEditViewControlleriPad.xib in Resources */,
				0B8F77B61D9CF5460025597B /* UMSocialLocalizable.strings in Resources */,
				0B8F77B81D9CF5460025597B /* UMSCommentDetailController.xib in Resources */,
				0B8F77BF1D9CF5460025597B /* UMSShareListController.xib in Resources */,
				0B4EDEFF1D83150400079231 /* Assets.xcassets in Resources */,
				0BD4BC521D8FFBC100536F6F /* XJHousePreviewView.xib in Resources */,
				0B8F77B91D9CF5460025597B /* UMSCommentInputController.xib in Resources */,
				0B8F77B21D9CF5460025597B /* WeiboSDK.bundle in Resources */,
			);
			runOnlyForDeploymentPostprocessing = 0;
		};
		0B4EDF061D83150400079231 /* Resources */ = {
			isa = PBXResourcesBuildPhase;
			buildActionMask = 2147483647;
			files = (
			);
			runOnlyForDeploymentPostprocessing = 0;
		};
		0B4EDF111D83150400079231 /* Resources */ = {
			isa = PBXResourcesBuildPhase;
			buildActionMask = 2147483647;
			files = (
			);
			runOnlyForDeploymentPostprocessing = 0;
		};
/* End PBXResourcesBuildPhase section */

/* Begin PBXShellScriptBuildPhase section */
		16F5A4175040E85FF972884F /* Check Pods Manifest.lock */ = {
			isa = PBXShellScriptBuildPhase;
			buildActionMask = 2147483647;
			files = (
			);
			inputPaths = (
			);
			name = "Check Pods Manifest.lock";
			outputPaths = (
			);
			runOnlyForDeploymentPostprocessing = 0;
			shellPath = /bin/sh;
			shellScript = "diff \"${PODS_ROOT}/../Podfile.lock\" \"${PODS_ROOT}/Manifest.lock\" > /dev/null\nif [[ $? != 0 ]] ; then\n    cat << EOM\nerror: The sandbox is not in sync with the Podfile.lock. Run 'pod install' or update your CocoaPods installation.\nEOM\n    exit 1\nfi\n";
			showEnvVarsInLog = 0;
		};
		4AD389348D61F118FF066472 /* Embed Pods Frameworks */ = {
			isa = PBXShellScriptBuildPhase;
			buildActionMask = 2147483647;
			files = (
			);
			inputPaths = (
			);
			name = "Embed Pods Frameworks";
			outputPaths = (
			);
			runOnlyForDeploymentPostprocessing = 0;
			shellPath = /bin/sh;
			shellScript = "\"${SRCROOT}/Pods/Target Support Files/Pods/Pods-frameworks.sh\"\n";
			showEnvVarsInLog = 0;
		};
		A5BAEA442B918D8474BD255C /* Copy Pods Resources */ = {
			isa = PBXShellScriptBuildPhase;
			buildActionMask = 2147483647;
			files = (
			);
			inputPaths = (
			);
			name = "Copy Pods Resources";
			outputPaths = (
			);
			runOnlyForDeploymentPostprocessing = 0;
			shellPath = /bin/sh;
			shellScript = "\"${SRCROOT}/Pods/Target Support Files/Pods/Pods-resources.sh\"\n";
			showEnvVarsInLog = 0;
		};
/* End PBXShellScriptBuildPhase section */

/* Begin PBXSourcesBuildPhase section */
		0B4EDEEB1D83150300079231 /* Sources */ = {
			isa = PBXSourcesBuildPhase;
			buildActionMask = 2147483647;
			files = (
				0B4EDEF71D83150400079231 /* AppDelegate.m in Sources */,
				0B50E2B91D8E85F600210B01 /* XJHouseLiveCell.m in Sources */,
				0BC367341D83F2C80046B779 /* XJToTopView.m in Sources */,
				0B0BA4481D9BE2BA0063A174 /* XJCareCoverView.m in Sources */,
				0BF24FDC1D88305B00FC3774 /* XJHotViewController.m in Sources */,
				0BD4BC4D1D8F91D600536F6F /* XJHouseBottomView.m in Sources */,
				0BDAF7841D93B01C0054F20A /* XJThirdLogInView.m in Sources */,
				0BF24FE31D8833D900FC3774 /* XJHotLiveCell.m in Sources */,
				0BDAF7891D93D8FC0054F20A /* XJCell1.m in Sources */,
				0B04EBD21D86756100E897AF /* XJShowTimeViewController.m in Sources */,
				0B50E2AA1D8E5FA200210B01 /* XJLiveHouseViewController.m in Sources */,
				0B04EBC51D86727500E897AF /* XJHomeViewController.m in Sources */,
				0B5F68821D86B15E00D673B8 /* XJTopView.m in Sources */,
				0BE0C6631D89290800618D7C /* UIImage+XJExtension.m in Sources */,
				0B0BA43E1D9BD7C80063A174 /* XJCareViewController.m in Sources */,
				0BF24FEB1D88406700FC3774 /* XJLiveModel.m in Sources */,
				0BF036A31D9AB97700CF3F0D /* XJCareData.m in Sources */,
				0B72C0401D9168E30065C320 /* XJNewStarFlowLayout.m in Sources */,
				0B50E2AD1D8E604600210B01 /* XJUserModel.m in Sources */,
				0B8C3C571D90F02E00284EE8 /* XJRefreshGifHeader.m in Sources */,
				0BFEE3EA1D978AF900A2CB0C /* XJSearchViewController.m in Sources */,
				0B4EDF3D1D8315DB00079231 /* XJLoginViewController.m in Sources */,
				0B4EDF5D1D83244600079231 /* XJNetworkingTool.m in Sources */,
				0B4EDF3E1D8315DB00079231 /* Reachability.m in Sources */,
				0BF0369C1D9A9AC000CF3F0D /* XJUserView.m in Sources */,
				0BFEE3EE1D979C8F00A2CB0C /* DXPopover.m in Sources */,
				0B50E2C11D8EEDAF00210B01 /* UIImageView+XJGif.m in Sources */,
				0B4EDEF41D83150400079231 /* main.m in Sources */,
				0BC367401D8455E10046B779 /* XJMainViewController.m in Sources */,
				0BC367381D8402DF0046B779 /* UIView+XJExtention.m in Sources */,
				0B0BA4421D9BD8F50063A174 /* XJCareFlowLayout.m in Sources */,
				0B31255B1D94E7D5009B537B /* XJScrollTextView.m in Sources */,
				0BC3673D1D8452A80046B779 /* MBProgressHUD+XJ.m in Sources */,
				0B50E2C41D8EEF4B00210B01 /* UIViewController+XJExtension.m in Sources */,
				0B04EBCD1D86752D00E897AF /* XJMeViewController.m in Sources */,
				0BD4BC501D8FFBAD00536F6F /* XJHousePreviewView.m in Sources */,
				0B5F687E1D86A00000D673B8 /* UIDevice+XJExtension.m in Sources */,
				0B72C0441D916CCF0065C320 /* XJNewStarCell.m in Sources */,
				0B50E2BC1D8E91FD00210B01 /* XJFlowLayout.m in Sources */,
				0B50E2B41D8E665600210B01 /* XJHouseTopView.m in Sources */,
				0B04EBC21D866DAE00E897AF /* XJNavigationController.m in Sources */,
				0B72C03D1D9167940065C320 /* XJNewStarViewController.m in Sources */,
			);
			runOnlyForDeploymentPostprocessing = 0;
		};
		0B4EDF041D83150400079231 /* Sources */ = {
			isa = PBXSourcesBuildPhase;
			buildActionMask = 2147483647;
			files = (
				0B4EDF0D1D83150400079231 /* TTLiveTests.m in Sources */,
			);
			runOnlyForDeploymentPostprocessing = 0;
		};
		0B4EDF0F1D83150400079231 /* Sources */ = {
			isa = PBXSourcesBuildPhase;
			buildActionMask = 2147483647;
			files = (
				0B4EDF181D83150400079231 /* TTLiveUITests.m in Sources */,
			);
			runOnlyForDeploymentPostprocessing = 0;
		};
/* End PBXSourcesBuildPhase section */

/* Begin PBXTargetDependency section */
		0B4EDF0A1D83150400079231 /* PBXTargetDependency */ = {
			isa = PBXTargetDependency;
			target = 0B4EDEEE1D83150300079231 /* TTLive */;
			targetProxy = 0B4EDF091D83150400079231 /* PBXContainerItemProxy */;
		};
		0B4EDF151D83150400079231 /* PBXTargetDependency */ = {
			isa = PBXTargetDependency;
			target = 0B4EDEEE1D83150300079231 /* TTLive */;
			targetProxy = 0B4EDF141D83150400079231 /* PBXContainerItemProxy */;
		};
/* End PBXTargetDependency section */

/* Begin PBXVariantGroup section */
		0B4EDF001D83150400079231 /* LaunchScreen.storyboard */ = {
			isa = PBXVariantGroup;
			children = (
				0B4EDF011D83150400079231 /* Base */,
			);
			name = LaunchScreen.storyboard;
			sourceTree = "<group>";
		};
		0B8F778F1D9CF5460025597B /* UMSocialLocalizable.strings */ = {
			isa = PBXVariantGroup;
			children = (
				0B8F77901D9CF5460025597B /* en */,
				0B8F77A81D9CF5460025597B /* zh-Hans */,
			);
			name = UMSocialLocalizable.strings;
			sourceTree = "<group>";
		};
/* End PBXVariantGroup section */

/* Begin XCBuildConfiguration section */
		0B4EDF1A1D83150400079231 /* Debug */ = {
			isa = XCBuildConfiguration;
			buildSettings = {
				ALWAYS_SEARCH_USER_PATHS = NO;
				CLANG_ANALYZER_NONNULL = YES;
				CLANG_CXX_LANGUAGE_STANDARD = "gnu++0x";
				CLANG_CXX_LIBRARY = "libc++";
				CLANG_ENABLE_MODULES = YES;
				CLANG_ENABLE_OBJC_ARC = YES;
				CLANG_WARN_BOOL_CONVERSION = YES;
				CLANG_WARN_CONSTANT_CONVERSION = YES;
				CLANG_WARN_DIRECT_OBJC_ISA_USAGE = YES_ERROR;
				CLANG_WARN_EMPTY_BODY = YES;
				CLANG_WARN_ENUM_CONVERSION = YES;
				CLANG_WARN_INT_CONVERSION = YES;
				CLANG_WARN_OBJC_ROOT_CLASS = YES_ERROR;
				CLANG_WARN_UNREACHABLE_CODE = YES;
				CLANG_WARN__DUPLICATE_METHOD_MATCH = YES;
				"CODE_SIGN_IDENTITY[sdk=iphoneos*]" = "iPhone Developer";
				COPY_PHASE_STRIP = NO;
				DEBUG_INFORMATION_FORMAT = dwarf;
				ENABLE_STRICT_OBJC_MSGSEND = YES;
				ENABLE_TESTABILITY = YES;
				GCC_C_LANGUAGE_STANDARD = gnu99;
				GCC_DYNAMIC_NO_PIC = NO;
				GCC_NO_COMMON_BLOCKS = YES;
				GCC_OPTIMIZATION_LEVEL = 0;
				GCC_PREPROCESSOR_DEFINITIONS = (
					"DEBUG=1",
					"$(inherited)",
				);
				GCC_WARN_64_TO_32_BIT_CONVERSION = YES;
				GCC_WARN_ABOUT_RETURN_TYPE = YES_ERROR;
				GCC_WARN_UNDECLARED_SELECTOR = YES;
				GCC_WARN_UNINITIALIZED_AUTOS = YES_AGGRESSIVE;
				GCC_WARN_UNUSED_FUNCTION = YES;
				GCC_WARN_UNUSED_VARIABLE = YES;
				IPHONEOS_DEPLOYMENT_TARGET = 7.0;
				MTL_ENABLE_DEBUG_INFO = YES;
				ONLY_ACTIVE_ARCH = YES;
				SDKROOT = iphoneos;
			};
			name = Debug;
		};
		0B4EDF1B1D83150400079231 /* Release */ = {
			isa = XCBuildConfiguration;
			buildSettings = {
				ALWAYS_SEARCH_USER_PATHS = NO;
				CLANG_ANALYZER_NONNULL = YES;
				CLANG_CXX_LANGUAGE_STANDARD = "gnu++0x";
				CLANG_CXX_LIBRARY = "libc++";
				CLANG_ENABLE_MODULES = YES;
				CLANG_ENABLE_OBJC_ARC = YES;
				CLANG_WARN_BOOL_CONVERSION = YES;
				CLANG_WARN_CONSTANT_CONVERSION = YES;
				CLANG_WARN_DIRECT_OBJC_ISA_USAGE = YES_ERROR;
				CLANG_WARN_EMPTY_BODY = YES;
				CLANG_WARN_ENUM_CONVERSION = YES;
				CLANG_WARN_INT_CONVERSION = YES;
				CLANG_WARN_OBJC_ROOT_CLASS = YES_ERROR;
				CLANG_WARN_UNREACHABLE_CODE = YES;
				CLANG_WARN__DUPLICATE_METHOD_MATCH = YES;
				"CODE_SIGN_IDENTITY[sdk=iphoneos*]" = "iPhone Developer";
				COPY_PHASE_STRIP = NO;
				DEBUG_INFORMATION_FORMAT = "dwarf-with-dsym";
				ENABLE_NS_ASSERTIONS = NO;
				ENABLE_STRICT_OBJC_MSGSEND = YES;
				GCC_C_LANGUAGE_STANDARD = gnu99;
				GCC_NO_COMMON_BLOCKS = YES;
				GCC_WARN_64_TO_32_BIT_CONVERSION = YES;
				GCC_WARN_ABOUT_RETURN_TYPE = YES_ERROR;
				GCC_WARN_UNDECLARED_SELECTOR = YES;
				GCC_WARN_UNINITIALIZED_AUTOS = YES_AGGRESSIVE;
				GCC_WARN_UNUSED_FUNCTION = YES;
				GCC_WARN_UNUSED_VARIABLE = YES;
				IPHONEOS_DEPLOYMENT_TARGET = 7.0;
				MTL_ENABLE_DEBUG_INFO = NO;
				SDKROOT = iphoneos;
				VALIDATE_PRODUCT = YES;
			};
			name = Release;
		};
		0B4EDF1D1D83150400079231 /* Debug */ = {
			isa = XCBuildConfiguration;
			baseConfigurationReference = F3C95840A78277326BB1CC54 /* Pods.debug.xcconfig */;
			buildSettings = {
				ASSETCATALOG_COMPILER_APPICON_NAME = AppIcon;
				CODE_SIGN_IDENTITY = "iPhone Developer";
				"CODE_SIGN_IDENTITY[sdk=iphoneos*]" = "iPhone Developer";
				FRAMEWORK_SEARCH_PATHS = (
					"$(inherited)",
					"$(PROJECT_DIR)/TTLive/Classes/Frameworks/Share/TencentOpenAPI",
					"$(PROJECT_DIR)/TTLive/Classes/Frameworks/Player",
				);
				GCC_INCREASE_PRECOMPILED_HEADER_SHARING = NO;
				GCC_PRECOMPILE_PREFIX_HEADER = NO;
				GCC_PREFIX_HEADER = TTLive/Classes/Other/PrefixHeader.h;
				HEADER_SEARCH_PATHS = (
					"$(inherited)",
					"\"${PODS_ROOT}/Headers/Public/AFNetworking\"",
					"\"${PODS_ROOT}/Headers/Public/MBProgressHUD\"",
					"\"${PODS_ROOT}/Headers/Public/MJExtension\"",
					"\"${PODS_ROOT}/Headers/Public/MJRefresh\"",
					"\"${PODS_ROOT}/Headers/Public/Masonry\"",
					"\"${PODS_ROOT}/Headers/Public/SDWebImage\"",
				);
				INFOPLIST_FILE = TTLive/Info.plist;
				IPHONEOS_DEPLOYMENT_TARGET = 8.0;
				LD_RUNPATH_SEARCH_PATHS = "$(inherited) @executable_path/Frameworks";
				LIBRARY_SEARCH_PATHS = (
					"$(inherited)",
					"$(PROJECT_DIR)/TTLive/Classes/Frameworks/Share/UMSocial_Sdk_5.2.1",
					"$(PROJECT_DIR)/TTLive/Classes/Frameworks/Share/SinaSSO",
					"$(PROJECT_DIR)/TTLive/Classes/Frameworks/Share/TencentOpenAPI",
					"$(PROJECT_DIR)/TTLive/Classes/Frameworks/Share/Wechat",
				);
				PRODUCT_BUNDLE_IDENTIFIER = com.Dear.TTLive;
				PRODUCT_NAME = "$(TARGET_NAME)";
				PROVISIONING_PROFILE = "";
				TARGETED_DEVICE_FAMILY = 1;
			};
			name = Debug;
		};
		0B4EDF1E1D83150400079231 /* Release */ = {
			isa = XCBuildConfiguration;
			baseConfigurationReference = 84A2758E855B6D2FD3E6742B /* Pods.release.xcconfig */;
			buildSettings = {
				ASSETCATALOG_COMPILER_APPICON_NAME = AppIcon;
				CODE_SIGN_IDENTITY = "iPhone Developer";
				"CODE_SIGN_IDENTITY[sdk=iphoneos*]" = "iPhone Developer";
				FRAMEWORK_SEARCH_PATHS = (
					"$(inherited)",
					"$(PROJECT_DIR)/TTLive/Classes/Frameworks/Share/TencentOpenAPI",
					"$(PROJECT_DIR)/TTLive/Classes/Frameworks/Player",
				);
				GCC_INCREASE_PRECOMPILED_HEADER_SHARING = NO;
				GCC_PRECOMPILE_PREFIX_HEADER = NO;
				GCC_PREFIX_HEADER = TTLive/Classes/Other/PrefixHeader.h;
				HEADER_SEARCH_PATHS = (
					"$(inherited)",
					"\"${PODS_ROOT}/Headers/Public/AFNetworking\"",
					"\"${PODS_ROOT}/Headers/Public/MBProgressHUD\"",
					"\"${PODS_ROOT}/Headers/Public/MJExtension\"",
					"\"${PODS_ROOT}/Headers/Public/MJRefresh\"",
					"\"${PODS_ROOT}/Headers/Public/Masonry\"",
					"\"${PODS_ROOT}/Headers/Public/SDWebImage\"",
				);
				INFOPLIST_FILE = TTLive/Info.plist;
				IPHONEOS_DEPLOYMENT_TARGET = 8.0;
				LD_RUNPATH_SEARCH_PATHS = "$(inherited) @executable_path/Frameworks";
				LIBRARY_SEARCH_PATHS = (
					"$(inherited)",
					"$(PROJECT_DIR)/TTLive/Classes/Frameworks/Share/UMSocial_Sdk_5.2.1",
					"$(PROJECT_DIR)/TTLive/Classes/Frameworks/Share/SinaSSO",
					"$(PROJECT_DIR)/TTLive/Classes/Frameworks/Share/TencentOpenAPI",
					"$(PROJECT_DIR)/TTLive/Classes/Frameworks/Share/Wechat",
				);
				PRODUCT_BUNDLE_IDENTIFIER = com.Dear.TTLive;
				PRODUCT_NAME = "$(TARGET_NAME)";
				PROVISIONING_PROFILE = "";
				TARGETED_DEVICE_FAMILY = 1;
			};
			name = Release;
		};
		0B4EDF201D83150400079231 /* Debug */ = {
			isa = XCBuildConfiguration;
			buildSettings = {
				BUNDLE_LOADER = "$(TEST_HOST)";
				INFOPLIST_FILE = TTLiveTests/Info.plist;
				LD_RUNPATH_SEARCH_PATHS = "$(inherited) @executable_path/Frameworks @loader_path/Frameworks";
				PRODUCT_BUNDLE_IDENTIFIER = com.Dear.TTLiveTests;
				PRODUCT_NAME = "$(TARGET_NAME)";
				TEST_HOST = "$(BUILT_PRODUCTS_DIR)/TTLive.app/TTLive";
			};
			name = Debug;
		};
		0B4EDF211D83150400079231 /* Release */ = {
			isa = XCBuildConfiguration;
			buildSettings = {
				BUNDLE_LOADER = "$(TEST_HOST)";
				INFOPLIST_FILE = TTLiveTests/Info.plist;
				LD_RUNPATH_SEARCH_PATHS = "$(inherited) @executable_path/Frameworks @loader_path/Frameworks";
				PRODUCT_BUNDLE_IDENTIFIER = com.Dear.TTLiveTests;
				PRODUCT_NAME = "$(TARGET_NAME)";
				TEST_HOST = "$(BUILT_PRODUCTS_DIR)/TTLive.app/TTLive";
			};
			name = Release;
		};
		0B4EDF231D83150400079231 /* Debug */ = {
			isa = XCBuildConfiguration;
			buildSettings = {
				INFOPLIST_FILE = TTLiveUITests/Info.plist;
				LD_RUNPATH_SEARCH_PATHS = "$(inherited) @executable_path/Frameworks @loader_path/Frameworks";
				PRODUCT_BUNDLE_IDENTIFIER = com.Dear.TTLiveUITests;
				PRODUCT_NAME = "$(TARGET_NAME)";
				TEST_TARGET_NAME = TTLive;
			};
			name = Debug;
		};
		0B4EDF241D83150400079231 /* Release */ = {
			isa = XCBuildConfiguration;
			buildSettings = {
				INFOPLIST_FILE = TTLiveUITests/Info.plist;
				LD_RUNPATH_SEARCH_PATHS = "$(inherited) @executable_path/Frameworks @loader_path/Frameworks";
				PRODUCT_BUNDLE_IDENTIFIER = com.Dear.TTLiveUITests;
				PRODUCT_NAME = "$(TARGET_NAME)";
				TEST_TARGET_NAME = TTLive;
			};
			name = Release;
		};
/* End XCBuildConfiguration section */

/* Begin XCConfigurationList section */
		0B4EDEEA1D83150300079231 /* Build configuration list for PBXProject "TTLive" */ = {
			isa = XCConfigurationList;
			buildConfigurations = (
				0B4EDF1A1D83150400079231 /* Debug */,
				0B4EDF1B1D83150400079231 /* Release */,
			);
			defaultConfigurationIsVisible = 0;
			defaultConfigurationName = Release;
		};
		0B4EDF1C1D83150400079231 /* Build configuration list for PBXNativeTarget "TTLive" */ = {
			isa = XCConfigurationList;
			buildConfigurations = (
				0B4EDF1D1D83150400079231 /* Debug */,
				0B4EDF1E1D83150400079231 /* Release */,
			);
			defaultConfigurationIsVisible = 0;
			defaultConfigurationName = Release;
		};
		0B4EDF1F1D83150400079231 /* Build configuration list for PBXNativeTarget "TTLiveTests" */ = {
			isa = XCConfigurationList;
			buildConfigurations = (
				0B4EDF201D83150400079231 /* Debug */,
				0B4EDF211D83150400079231 /* Release */,
			);
			defaultConfigurationIsVisible = 0;
			defaultConfigurationName = Release;
		};
		0B4EDF221D83150400079231 /* Build configuration list for PBXNativeTarget "TTLiveUITests" */ = {
			isa = XCConfigurationList;
			buildConfigurations = (
				0B4EDF231D83150400079231 /* Debug */,
				0B4EDF241D83150400079231 /* Release */,
			);
			defaultConfigurationIsVisible = 0;
			defaultConfigurationName = Release;
		};
/* End XCConfigurationList section */
	};
	rootObject = 0B4EDEE71D83150300079231 /* Project object */;
}
